// !$*UTF8*$!
{
	archiveVersion = 1;
	classes = {
	};
	objectVersion = 50;
	objects = {

/* Begin PBXBuildFile section */
		1500F3C024834B5E00AF08F7 /* StatementViewProtocol.swift in Sources */ = {isa = PBXBuildFile; fileRef = 1500F3BF24834B5E00AF08F7 /* StatementViewProtocol.swift */; };
		1500F3C224834B8C00AF08F7 /* StatementViewModelProtocol.swift in Sources */ = {isa = PBXBuildFile; fileRef = 1500F3C124834B8C00AF08F7 /* StatementViewModelProtocol.swift */; };
		1500F3C4248350CE00AF08F7 /* StatementViewSpec.swift in Sources */ = {isa = PBXBuildFile; fileRef = 1500F3C3248350CE00AF08F7 /* StatementViewSpec.swift */; };
		1500F3C72483512D00AF08F7 /* StatementViewModelMock.swift in Sources */ = {isa = PBXBuildFile; fileRef = 1500F3C62483512D00AF08F7 /* StatementViewModelMock.swift */; };
		1500F3C92483EBB500AF08F7 /* StatementCellBuilderSpec.swift in Sources */ = {isa = PBXBuildFile; fileRef = 1500F3C82483EBB500AF08F7 /* StatementCellBuilderSpec.swift */; };
		1500F3CB2483F5A000AF08F7 /* StatementTableViewCellSpec.swift in Sources */ = {isa = PBXBuildFile; fileRef = 1500F3CA2483F5A000AF08F7 /* StatementTableViewCellSpec.swift */; };
		1500F3CD2483FE9600AF08F7 /* StatementRequestSpec.swift in Sources */ = {isa = PBXBuildFile; fileRef = 1500F3CC2483FE9600AF08F7 /* StatementRequestSpec.swift */; };
		1500F3D0248401FF00AF08F7 /* RequestMethodSpec.swift in Sources */ = {isa = PBXBuildFile; fileRef = 1500F3CF248401FF00AF08F7 /* RequestMethodSpec.swift */; };
		1500F3D32484107800AF08F7 /* CPFEmailValidatorSpec.swift in Sources */ = {isa = PBXBuildFile; fileRef = 1500F3D22484107800AF08F7 /* CPFEmailValidatorSpec.swift */; };
		1500F3D524841E9500AF08F7 /* PasswordValidatiorSpec.swift in Sources */ = {isa = PBXBuildFile; fileRef = 1500F3D424841E9500AF08F7 /* PasswordValidatiorSpec.swift */; };
		1500F3D92484270700AF08F7 /* LoginViewSpec.swift in Sources */ = {isa = PBXBuildFile; fileRef = 1500F3D82484270700AF08F7 /* LoginViewSpec.swift */; };
		1500F3DC2484276200AF08F7 /* LoginViewModelMock.swift in Sources */ = {isa = PBXBuildFile; fileRef = 1500F3DB2484276200AF08F7 /* LoginViewModelMock.swift */; };
		1500F3DE24842B7900AF08F7 /* LoginViewModelProtocol.swift in Sources */ = {isa = PBXBuildFile; fileRef = 1500F3DD24842B7900AF08F7 /* LoginViewModelProtocol.swift */; };
		1500F3E024842B9200AF08F7 /* LoginViewProtocol.swift in Sources */ = {isa = PBXBuildFile; fileRef = 1500F3DF24842B9200AF08F7 /* LoginViewProtocol.swift */; };
		156570462452420300C1927B /* Localizable.strings in Resources */ = {isa = PBXBuildFile; fileRef = 156570452452420300C1927B /* Localizable.strings */; };
		1565704A245244F200C1927B /* AppColors.swift in Sources */ = {isa = PBXBuildFile; fileRef = 15657049245244F200C1927B /* AppColors.swift */; };
		1565704F245247D600C1927B /* UIView+Extensions.swift in Sources */ = {isa = PBXBuildFile; fileRef = 1565704E245247D600C1927B /* UIView+Extensions.swift */; };
		1565705324524D3100C1927B /* LoginTextField.swift in Sources */ = {isa = PBXBuildFile; fileRef = 1565705224524D3100C1927B /* LoginTextField.swift */; };
		1565705624525A5900C1927B /* LoginButton.swift in Sources */ = {isa = PBXBuildFile; fileRef = 1565705524525A5900C1927B /* LoginButton.swift */; };
		1565705A24525DFB00C1927B /* KeyboardAnchorManager.swift in Sources */ = {isa = PBXBuildFile; fileRef = 1565705924525DFB00C1927B /* KeyboardAnchorManager.swift */; };
		1565705C24525E0B00C1927B /* KeyboardManagerBuilder.swift in Sources */ = {isa = PBXBuildFile; fileRef = 1565705B24525E0B00C1927B /* KeyboardManagerBuilder.swift */; };
		1565705F24525E5400C1927B /* KeyboardConfiguration.swift in Sources */ = {isa = PBXBuildFile; fileRef = 1565705E24525E5400C1927B /* KeyboardConfiguration.swift */; };
		1565706524527FEB00C1927B /* CPFEmailValidator.swift in Sources */ = {isa = PBXBuildFile; fileRef = 1565706424527FEB00C1927B /* CPFEmailValidator.swift */; };
		156570672452802A00C1927B /* StringValidator.swift in Sources */ = {isa = PBXBuildFile; fileRef = 156570662452802A00C1927B /* StringValidator.swift */; };
		15657069245280C000C1927B /* String+Validations.swift in Sources */ = {isa = PBXBuildFile; fileRef = 15657068245280C000C1927B /* String+Validations.swift */; };
		1565706B2452822500C1927B /* PasswordValidatior.swift in Sources */ = {isa = PBXBuildFile; fileRef = 1565706A2452822500C1927B /* PasswordValidatior.swift */; };
		1565706D2452886F00C1927B /* LoginViewModel+Requester.swift in Sources */ = {isa = PBXBuildFile; fileRef = 1565706C2452886F00C1927B /* LoginViewModel+Requester.swift */; };
		1565706F2452931000C1927B /* UIViewController+Extensions.swift in Sources */ = {isa = PBXBuildFile; fileRef = 1565706E2452931000C1927B /* UIViewController+Extensions.swift */; };
		15657072245293FD00C1927B /* LoginViewControllerDelegate.swift in Sources */ = {isa = PBXBuildFile; fileRef = 15657071245293FD00C1927B /* LoginViewControllerDelegate.swift */; };
		1565707424529B7300C1927B /* LoginRouter.swift in Sources */ = {isa = PBXBuildFile; fileRef = 1565707324529B7300C1927B /* LoginRouter.swift */; };
		1565707A245306A400C1927B /* StatementViewController.swift in Sources */ = {isa = PBXBuildFile; fileRef = 15657079245306A400C1927B /* StatementViewController.swift */; };
		1565707C2453071000C1927B /* StatementView.swift in Sources */ = {isa = PBXBuildFile; fileRef = 1565707B2453071000C1927B /* StatementView.swift */; };
		1565707E2453071F00C1927B /* StatementViewModel.swift in Sources */ = {isa = PBXBuildFile; fileRef = 1565707D2453071F00C1927B /* StatementViewModel.swift */; };
		156570882453C3D200C1927B /* AppFont.swift in Sources */ = {isa = PBXBuildFile; fileRef = 156570872453C3D200C1927B /* AppFont.swift */; };
		1565708B2453CE7C00C1927B /* StatementTitleValueView.swift in Sources */ = {isa = PBXBuildFile; fileRef = 1565708A2453CE7C00C1927B /* StatementTitleValueView.swift */; };
		1565708D2453D9A300C1927B /* Float+Extensions.swift in Sources */ = {isa = PBXBuildFile; fileRef = 1565708C2453D9A300C1927B /* Float+Extensions.swift */; };
		156570922454830000C1927B /* StatementFactory.swift in Sources */ = {isa = PBXBuildFile; fileRef = 156570912454830000C1927B /* StatementFactory.swift */; };
		156570942454830C00C1927B /* StatementCellBuilder.swift in Sources */ = {isa = PBXBuildFile; fileRef = 156570932454830C00C1927B /* StatementCellBuilder.swift */; };
		156570962454833A00C1927B /* Statement.swift in Sources */ = {isa = PBXBuildFile; fileRef = 156570952454833A00C1927B /* Statement.swift */; };
		15657099245484C700C1927B /* TableViewCellBuilder.swift in Sources */ = {isa = PBXBuildFile; fileRef = 15657098245484C700C1927B /* TableViewCellBuilder.swift */; };
		1565709B245484D600C1927B /* TableViewSection.swift in Sources */ = {isa = PBXBuildFile; fileRef = 1565709A245484D600C1927B /* TableViewSection.swift */; };
		1565709D24548BF200C1927B /* StatementTableViewCell.swift in Sources */ = {isa = PBXBuildFile; fileRef = 1565709C24548BF200C1927B /* StatementTableViewCell.swift */; };
		1565709F24548D0400C1927B /* UITableView+Reusable.swift in Sources */ = {isa = PBXBuildFile; fileRef = 1565709E24548D0400C1927B /* UITableView+Reusable.swift */; };
		156570A224548D5C00C1927B /* Identifiable.swift in Sources */ = {isa = PBXBuildFile; fileRef = 156570A124548D5C00C1927B /* Identifiable.swift */; };
		156570A42454DD6D00C1927B /* StaticSection.swift in Sources */ = {isa = PBXBuildFile; fileRef = 156570A32454DD6D00C1927B /* StaticSection.swift */; };
		156570A72454DD8000C1927B /* TableViewDataSource.swift in Sources */ = {isa = PBXBuildFile; fileRef = 156570A62454DD8000C1927B /* TableViewDataSource.swift */; };
		156570A92454DD8A00C1927B /* TableViewItem.swift in Sources */ = {isa = PBXBuildFile; fileRef = 156570A82454DD8A00C1927B /* TableViewItem.swift */; };
		156570AB2454DE0700C1927B /* StatementFactoryState.swift in Sources */ = {isa = PBXBuildFile; fileRef = 156570AA2454DE0700C1927B /* StatementFactoryState.swift */; };
		156570AD2455038100C1927B /* StatementService.swift in Sources */ = {isa = PBXBuildFile; fileRef = 156570AC2455038100C1927B /* StatementService.swift */; };
		156570AF245503AF00C1927B /* StatementRequest.swift in Sources */ = {isa = PBXBuildFile; fileRef = 156570AE245503AF00C1927B /* StatementRequest.swift */; };
		156570B12455060A00C1927B /* StatementViewModel+Requester.swift in Sources */ = {isa = PBXBuildFile; fileRef = 156570B02455060A00C1927B /* StatementViewModel+Requester.swift */; };
		156570B72455C33A00C1927B /* StatementRouter.swift in Sources */ = {isa = PBXBuildFile; fileRef = 156570B62455C33A00C1927B /* StatementRouter.swift */; };
		156570B92455C44700C1927B /* StatementViewControllerDelegate.swift in Sources */ = {isa = PBXBuildFile; fileRef = 156570B82455C44700C1927B /* StatementViewControllerDelegate.swift */; };
		156570BD2455F0F000C1927B /* String+Extensions.swift in Sources */ = {isa = PBXBuildFile; fileRef = 156570BC2455F0F000C1927B /* String+Extensions.swift */; };
		156570C02455F9C400C1927B /* KeychainSwift.swift in Sources */ = {isa = PBXBuildFile; fileRef = 156570BF2455F9C400C1927B /* KeychainSwift.swift */; };
		156570C22455FA2400C1927B /* KeychainSwiftAccessOptions.swift in Sources */ = {isa = PBXBuildFile; fileRef = 156570C12455FA2400C1927B /* KeychainSwiftAccessOptions.swift */; };
		156570C42456101500C1927B /* TegKeychainConstants.swift in Sources */ = {isa = PBXBuildFile; fileRef = 156570C32456101400C1927B /* TegKeychainConstants.swift */; };
		156570C62456115C00C1927B /* KeychainSwift+Extensions.swift in Sources */ = {isa = PBXBuildFile; fileRef = 156570C52456115C00C1927B /* KeychainSwift+Extensions.swift */; };
		156570C9245611C700C1927B /* Storage.swift in Sources */ = {isa = PBXBuildFile; fileRef = 156570C8245611C700C1927B /* Storage.swift */; };
		156570D124564B4B00C1927B /* LoginViewControllerSpec.swift in Sources */ = {isa = PBXBuildFile; fileRef = 156570D024564B4B00C1927B /* LoginViewControllerSpec.swift */; };
		156570D724564F6B00C1927B /* LoginViewModelSpec.swift in Sources */ = {isa = PBXBuildFile; fileRef = 156570D624564F6B00C1927B /* LoginViewModelSpec.swift */; };
		156570D92456557500C1927B /* LoginModelMock.swift in Sources */ = {isa = PBXBuildFile; fileRef = 156570D82456557500C1927B /* LoginModelMock.swift */; };
		156570E0245678DF00C1927B /* ResultSpec.swift in Sources */ = {isa = PBXBuildFile; fileRef = 156570DF245678DF00C1927B /* ResultSpec.swift */; };
		156570E32456795900C1927B /* NetworkErrorMock.swift in Sources */ = {isa = PBXBuildFile; fileRef = 156570E22456795900C1927B /* NetworkErrorMock.swift */; };
		156570E724567CAD00C1927B /* StringExtensionsSpec.swift in Sources */ = {isa = PBXBuildFile; fileRef = 156570E624567CAD00C1927B /* StringExtensionsSpec.swift */; };
		156570E924567E9700C1927B /* FloatExtensionsSpec.swift in Sources */ = {isa = PBXBuildFile; fileRef = 156570E824567E9700C1927B /* FloatExtensionsSpec.swift */; };
		156570EC2456810C00C1927B /* StringValidationSpec.swift in Sources */ = {isa = PBXBuildFile; fileRef = 156570EB2456810C00C1927B /* StringValidationSpec.swift */; };
		156570EE245689F400C1927B /* ResponseStatusSpec.swift in Sources */ = {isa = PBXBuildFile; fileRef = 156570ED245689F400C1927B /* ResponseStatusSpec.swift */; };
		156570F12457C21100C1927B /* LoginServiceSpec.swift in Sources */ = {isa = PBXBuildFile; fileRef = 156570F02457C21100C1927B /* LoginServiceSpec.swift */; };
		156570F32457D1BB00C1927B /* Result+Nimble.swift in Sources */ = {isa = PBXBuildFile; fileRef = 156570F22457D1BB00C1927B /* Result+Nimble.swift */; };
		156570F52457D1FB00C1927B /* NetworkCoreMock.swift in Sources */ = {isa = PBXBuildFile; fileRef = 156570F42457D1FB00C1927B /* NetworkCoreMock.swift */; };
		156570F82457D3B300C1927B /* LoginRequestSpec.swift in Sources */ = {isa = PBXBuildFile; fileRef = 156570F72457D3B300C1927B /* LoginRequestSpec.swift */; };
		156570FD2457DADC00C1927B /* TableViewDataSourceSpec.swift in Sources */ = {isa = PBXBuildFile; fileRef = 156570FC2457DADC00C1927B /* TableViewDataSourceSpec.swift */; };
		156570FF2457DB4E00C1927B /* MockTableViewSection.swift in Sources */ = {isa = PBXBuildFile; fileRef = 156570FE2457DB4E00C1927B /* MockTableViewSection.swift */; };
		156571012457DBA000C1927B /* MockTableView.swift in Sources */ = {isa = PBXBuildFile; fileRef = 156571002457DBA000C1927B /* MockTableView.swift */; };
		156571032457DBC800C1927B /* MockTableViewCellBuilder.swift in Sources */ = {isa = PBXBuildFile; fileRef = 156571022457DBC800C1927B /* MockTableViewCellBuilder.swift */; };
		156571052457DE2A00C1927B /* UIViewcontrollerExtensionsSpec.swift in Sources */ = {isa = PBXBuildFile; fileRef = 156571042457DE2A00C1927B /* UIViewcontrollerExtensionsSpec.swift */; };
		156571072457E73D00C1927B /* StatementViewModelSpec.swift in Sources */ = {isa = PBXBuildFile; fileRef = 156571062457E73D00C1927B /* StatementViewModelSpec.swift */; };
		156571092457E9C400C1927B /* StatementMock.swift in Sources */ = {isa = PBXBuildFile; fileRef = 156571082457E9C400C1927B /* StatementMock.swift */; };
		1565710B2457F77000C1927B /* StatementViewControllerSpec.swift in Sources */ = {isa = PBXBuildFile; fileRef = 1565710A2457F77000C1927B /* StatementViewControllerSpec.swift */; };
		1565710E2457FAEC00C1927B /* StatementServiceSpec.swift in Sources */ = {isa = PBXBuildFile; fileRef = 1565710D2457FAEC00C1927B /* StatementServiceSpec.swift */; };
		15660E402450FCEB007C1B41 /* AppDelegate.swift in Sources */ = {isa = PBXBuildFile; fileRef = 15660E3F2450FCEB007C1B41 /* AppDelegate.swift */; };
		15660E492450FCEC007C1B41 /* Assets.xcassets in Resources */ = {isa = PBXBuildFile; fileRef = 15660E482450FCEC007C1B41 /* Assets.xcassets */; };
		15660E4C2450FCEC007C1B41 /* LaunchScreen.storyboard in Resources */ = {isa = PBXBuildFile; fileRef = 15660E4A2450FCEC007C1B41 /* LaunchScreen.storyboard */; };
		15660E622450FCEC007C1B41 /* TestiOS2UITests.swift in Sources */ = {isa = PBXBuildFile; fileRef = 15660E612450FCEC007C1B41 /* TestiOS2UITests.swift */; };
		15660E7724510923007C1B41 /* AppDelegate+Methods.swift in Sources */ = {isa = PBXBuildFile; fileRef = 15660E7624510923007C1B41 /* AppDelegate+Methods.swift */; };
		15660E7A24510B49007C1B41 /* R.generated.swift in Sources */ = {isa = PBXBuildFile; fileRef = 15660E7924510B49007C1B41 /* R.generated.swift */; };
		15660E8524510DCE007C1B41 /* Connectivity.swift in Sources */ = {isa = PBXBuildFile; fileRef = 15660E8424510DCE007C1B41 /* Connectivity.swift */; };
		15660E8824510E5E007C1B41 /* RequestMethod.swift in Sources */ = {isa = PBXBuildFile; fileRef = 15660E8724510E5E007C1B41 /* RequestMethod.swift */; };
		15660E8A24510E7A007C1B41 /* Result.swift in Sources */ = {isa = PBXBuildFile; fileRef = 15660E8924510E7A007C1B41 /* Result.swift */; };
		15660E8D24510EDE007C1B41 /* NetworkErrorProtocol.swift in Sources */ = {isa = PBXBuildFile; fileRef = 15660E8C24510EDE007C1B41 /* NetworkErrorProtocol.swift */; };
		15660E8F24510EF4007C1B41 /* ResponseStatus.swift in Sources */ = {isa = PBXBuildFile; fileRef = 15660E8E24510EF4007C1B41 /* ResponseStatus.swift */; };
		15660E91245111BE007C1B41 /* NetworkCore.swift in Sources */ = {isa = PBXBuildFile; fileRef = 15660E90245111BE007C1B41 /* NetworkCore.swift */; };
		15660E93245115DD007C1B41 /* BaseNetworkError.swift in Sources */ = {isa = PBXBuildFile; fileRef = 15660E92245115DD007C1B41 /* BaseNetworkError.swift */; };
		15660E962451164B007C1B41 /* User.swift in Sources */ = {isa = PBXBuildFile; fileRef = 15660E952451164B007C1B41 /* User.swift */; };
		15660E98245116BD007C1B41 /* ResponseError.swift in Sources */ = {isa = PBXBuildFile; fileRef = 15660E97245116BD007C1B41 /* ResponseError.swift */; };
		15660E9A24511B0B007C1B41 /* URLs.swift in Sources */ = {isa = PBXBuildFile; fileRef = 15660E9924511B0B007C1B41 /* URLs.swift */; };
		15660E9E24511BD8007C1B41 /* RequestProtocol.swift in Sources */ = {isa = PBXBuildFile; fileRef = 15660E9D24511BD8007C1B41 /* RequestProtocol.swift */; };
		15660EA124511C59007C1B41 /* APIRequest.swift in Sources */ = {isa = PBXBuildFile; fileRef = 15660EA024511C59007C1B41 /* APIRequest.swift */; };
		15660EA324512D74007C1B41 /* LoginRequest.swift in Sources */ = {isa = PBXBuildFile; fileRef = 15660EA224512D74007C1B41 /* LoginRequest.swift */; };
		15660EA724512F7A007C1B41 /* ServiceProtocol.swift in Sources */ = {isa = PBXBuildFile; fileRef = 15660EA624512F7A007C1B41 /* ServiceProtocol.swift */; };
		15660EAA245139AE007C1B41 /* LoginViewController.swift in Sources */ = {isa = PBXBuildFile; fileRef = 15660EA9245139AE007C1B41 /* LoginViewController.swift */; };
		15660EB024513A27007C1B41 /* LoginView.swift in Sources */ = {isa = PBXBuildFile; fileRef = 15660EAF24513A27007C1B41 /* LoginView.swift */; };
		15660EB224513A6C007C1B41 /* LoginViewModel.swift in Sources */ = {isa = PBXBuildFile; fileRef = 15660EB124513A6C007C1B41 /* LoginViewModel.swift */; };
		15660EB424513B1E007C1B41 /* LoginService.swift in Sources */ = {isa = PBXBuildFile; fileRef = 15660EB324513B1E007C1B41 /* LoginService.swift */; };
		15660EB724513EDC007C1B41 /* ViewCodeProtocol.swift in Sources */ = {isa = PBXBuildFile; fileRef = 15660EB624513EDC007C1B41 /* ViewCodeProtocol.swift */; };
		56CA654CBC7F66E7CCE39291 /* libPods-TestiOS2.a in Frameworks */ = {isa = PBXBuildFile; fileRef = 13871F9149DA53A56E75B177 /* libPods-TestiOS2.a */; };
		9D233EEBBE254EAF6DA3353E /* libPods-TestiOS2Tests.a in Frameworks */ = {isa = PBXBuildFile; fileRef = 5E9CA4FAAF6109D1EDB1931A /* libPods-TestiOS2Tests.a */; };
/* End PBXBuildFile section */

/* Begin PBXContainerItemProxy section */
		15660E532450FCEC007C1B41 /* PBXContainerItemProxy */ = {
			isa = PBXContainerItemProxy;
			containerPortal = 15660E342450FCEB007C1B41 /* Project object */;
			proxyType = 1;
			remoteGlobalIDString = 15660E3B2450FCEB007C1B41;
			remoteInfo = TestiOS2;
		};
		15660E5E2450FCEC007C1B41 /* PBXContainerItemProxy */ = {
			isa = PBXContainerItemProxy;
			containerPortal = 15660E342450FCEB007C1B41 /* Project object */;
			proxyType = 1;
			remoteGlobalIDString = 15660E3B2450FCEB007C1B41;
			remoteInfo = TestiOS2;
		};
/* End PBXContainerItemProxy section */

/* Begin PBXFileReference section */
		13871F9149DA53A56E75B177 /* libPods-TestiOS2.a */ = {isa = PBXFileReference; explicitFileType = archive.ar; includeInIndex = 0; path = "libPods-TestiOS2.a"; sourceTree = BUILT_PRODUCTS_DIR; };
		1500F3BF24834B5E00AF08F7 /* StatementViewProtocol.swift */ = {isa = PBXFileReference; lastKnownFileType = sourcecode.swift; path = StatementViewProtocol.swift; sourceTree = "<group>"; };
		1500F3C124834B8C00AF08F7 /* StatementViewModelProtocol.swift */ = {isa = PBXFileReference; lastKnownFileType = sourcecode.swift; path = StatementViewModelProtocol.swift; sourceTree = "<group>"; };
		1500F3C3248350CE00AF08F7 /* StatementViewSpec.swift */ = {isa = PBXFileReference; lastKnownFileType = sourcecode.swift; path = StatementViewSpec.swift; sourceTree = "<group>"; };
		1500F3C62483512D00AF08F7 /* StatementViewModelMock.swift */ = {isa = PBXFileReference; lastKnownFileType = sourcecode.swift; path = StatementViewModelMock.swift; sourceTree = "<group>"; };
		1500F3C82483EBB500AF08F7 /* StatementCellBuilderSpec.swift */ = {isa = PBXFileReference; lastKnownFileType = sourcecode.swift; path = StatementCellBuilderSpec.swift; sourceTree = "<group>"; };
		1500F3CA2483F5A000AF08F7 /* StatementTableViewCellSpec.swift */ = {isa = PBXFileReference; lastKnownFileType = sourcecode.swift; path = StatementTableViewCellSpec.swift; sourceTree = "<group>"; };
		1500F3CC2483FE9600AF08F7 /* StatementRequestSpec.swift */ = {isa = PBXFileReference; lastKnownFileType = sourcecode.swift; path = StatementRequestSpec.swift; sourceTree = "<group>"; };
		1500F3CF248401FF00AF08F7 /* RequestMethodSpec.swift */ = {isa = PBXFileReference; lastKnownFileType = sourcecode.swift; path = RequestMethodSpec.swift; sourceTree = "<group>"; };
		1500F3D22484107800AF08F7 /* CPFEmailValidatorSpec.swift */ = {isa = PBXFileReference; lastKnownFileType = sourcecode.swift; path = CPFEmailValidatorSpec.swift; sourceTree = "<group>"; };
		1500F3D424841E9500AF08F7 /* PasswordValidatiorSpec.swift */ = {isa = PBXFileReference; lastKnownFileType = sourcecode.swift; path = PasswordValidatiorSpec.swift; sourceTree = "<group>"; };
		1500F3D82484270700AF08F7 /* LoginViewSpec.swift */ = {isa = PBXFileReference; lastKnownFileType = sourcecode.swift; path = LoginViewSpec.swift; sourceTree = "<group>"; };
		1500F3DB2484276200AF08F7 /* LoginViewModelMock.swift */ = {isa = PBXFileReference; lastKnownFileType = sourcecode.swift; path = LoginViewModelMock.swift; sourceTree = "<group>"; };
		1500F3DD24842B7900AF08F7 /* LoginViewModelProtocol.swift */ = {isa = PBXFileReference; lastKnownFileType = sourcecode.swift; path = LoginViewModelProtocol.swift; sourceTree = "<group>"; };
		1500F3DF24842B9200AF08F7 /* LoginViewProtocol.swift */ = {isa = PBXFileReference; lastKnownFileType = sourcecode.swift; path = LoginViewProtocol.swift; sourceTree = "<group>"; };
		156570452452420300C1927B /* Localizable.strings */ = {isa = PBXFileReference; lastKnownFileType = text.plist.strings; path = Localizable.strings; sourceTree = "<group>"; };
		15657049245244F200C1927B /* AppColors.swift */ = {isa = PBXFileReference; lastKnownFileType = sourcecode.swift; path = AppColors.swift; sourceTree = "<group>"; };
		1565704E245247D600C1927B /* UIView+Extensions.swift */ = {isa = PBXFileReference; lastKnownFileType = sourcecode.swift; path = "UIView+Extensions.swift"; sourceTree = "<group>"; };
		1565705224524D3100C1927B /* LoginTextField.swift */ = {isa = PBXFileReference; lastKnownFileType = sourcecode.swift; path = LoginTextField.swift; sourceTree = "<group>"; };
		1565705524525A5900C1927B /* LoginButton.swift */ = {isa = PBXFileReference; lastKnownFileType = sourcecode.swift; path = LoginButton.swift; sourceTree = "<group>"; };
		1565705924525DFB00C1927B /* KeyboardAnchorManager.swift */ = {isa = PBXFileReference; lastKnownFileType = sourcecode.swift; path = KeyboardAnchorManager.swift; sourceTree = "<group>"; };
		1565705B24525E0B00C1927B /* KeyboardManagerBuilder.swift */ = {isa = PBXFileReference; lastKnownFileType = sourcecode.swift; path = KeyboardManagerBuilder.swift; sourceTree = "<group>"; };
		1565705E24525E5400C1927B /* KeyboardConfiguration.swift */ = {isa = PBXFileReference; lastKnownFileType = sourcecode.swift; path = KeyboardConfiguration.swift; sourceTree = "<group>"; };
		1565706424527FEB00C1927B /* CPFEmailValidator.swift */ = {isa = PBXFileReference; lastKnownFileType = sourcecode.swift; path = CPFEmailValidator.swift; sourceTree = "<group>"; };
		156570662452802A00C1927B /* StringValidator.swift */ = {isa = PBXFileReference; lastKnownFileType = sourcecode.swift; path = StringValidator.swift; sourceTree = "<group>"; };
		15657068245280C000C1927B /* String+Validations.swift */ = {isa = PBXFileReference; lastKnownFileType = sourcecode.swift; path = "String+Validations.swift"; sourceTree = "<group>"; };
		1565706A2452822500C1927B /* PasswordValidatior.swift */ = {isa = PBXFileReference; lastKnownFileType = sourcecode.swift; path = PasswordValidatior.swift; sourceTree = "<group>"; };
		1565706C2452886F00C1927B /* LoginViewModel+Requester.swift */ = {isa = PBXFileReference; lastKnownFileType = sourcecode.swift; path = "LoginViewModel+Requester.swift"; sourceTree = "<group>"; };
		1565706E2452931000C1927B /* UIViewController+Extensions.swift */ = {isa = PBXFileReference; lastKnownFileType = sourcecode.swift; path = "UIViewController+Extensions.swift"; sourceTree = "<group>"; };
		15657071245293FD00C1927B /* LoginViewControllerDelegate.swift */ = {isa = PBXFileReference; lastKnownFileType = sourcecode.swift; path = LoginViewControllerDelegate.swift; sourceTree = "<group>"; };
		1565707324529B7300C1927B /* LoginRouter.swift */ = {isa = PBXFileReference; lastKnownFileType = sourcecode.swift; path = LoginRouter.swift; sourceTree = "<group>"; };
		15657079245306A400C1927B /* StatementViewController.swift */ = {isa = PBXFileReference; lastKnownFileType = sourcecode.swift; path = StatementViewController.swift; sourceTree = "<group>"; };
		1565707B2453071000C1927B /* StatementView.swift */ = {isa = PBXFileReference; lastKnownFileType = sourcecode.swift; path = StatementView.swift; sourceTree = "<group>"; };
		1565707D2453071F00C1927B /* StatementViewModel.swift */ = {isa = PBXFileReference; lastKnownFileType = sourcecode.swift; path = StatementViewModel.swift; sourceTree = "<group>"; };
		156570872453C3D200C1927B /* AppFont.swift */ = {isa = PBXFileReference; lastKnownFileType = sourcecode.swift; path = AppFont.swift; sourceTree = "<group>"; };
		1565708A2453CE7C00C1927B /* StatementTitleValueView.swift */ = {isa = PBXFileReference; lastKnownFileType = sourcecode.swift; path = StatementTitleValueView.swift; sourceTree = "<group>"; };
		1565708C2453D9A300C1927B /* Float+Extensions.swift */ = {isa = PBXFileReference; lastKnownFileType = sourcecode.swift; path = "Float+Extensions.swift"; sourceTree = "<group>"; };
		156570912454830000C1927B /* StatementFactory.swift */ = {isa = PBXFileReference; lastKnownFileType = sourcecode.swift; path = StatementFactory.swift; sourceTree = "<group>"; };
		156570932454830C00C1927B /* StatementCellBuilder.swift */ = {isa = PBXFileReference; lastKnownFileType = sourcecode.swift; path = StatementCellBuilder.swift; sourceTree = "<group>"; };
		156570952454833A00C1927B /* Statement.swift */ = {isa = PBXFileReference; lastKnownFileType = sourcecode.swift; path = Statement.swift; sourceTree = "<group>"; };
		15657098245484C700C1927B /* TableViewCellBuilder.swift */ = {isa = PBXFileReference; lastKnownFileType = sourcecode.swift; path = TableViewCellBuilder.swift; sourceTree = "<group>"; };
		1565709A245484D600C1927B /* TableViewSection.swift */ = {isa = PBXFileReference; lastKnownFileType = sourcecode.swift; path = TableViewSection.swift; sourceTree = "<group>"; };
		1565709C24548BF200C1927B /* StatementTableViewCell.swift */ = {isa = PBXFileReference; lastKnownFileType = sourcecode.swift; path = StatementTableViewCell.swift; sourceTree = "<group>"; };
		1565709E24548D0400C1927B /* UITableView+Reusable.swift */ = {isa = PBXFileReference; lastKnownFileType = sourcecode.swift; path = "UITableView+Reusable.swift"; sourceTree = "<group>"; };
		156570A124548D5C00C1927B /* Identifiable.swift */ = {isa = PBXFileReference; lastKnownFileType = sourcecode.swift; path = Identifiable.swift; sourceTree = "<group>"; };
		156570A32454DD6D00C1927B /* StaticSection.swift */ = {isa = PBXFileReference; lastKnownFileType = sourcecode.swift; path = StaticSection.swift; sourceTree = "<group>"; };
		156570A62454DD8000C1927B /* TableViewDataSource.swift */ = {isa = PBXFileReference; lastKnownFileType = sourcecode.swift; path = TableViewDataSource.swift; sourceTree = "<group>"; };
		156570A82454DD8A00C1927B /* TableViewItem.swift */ = {isa = PBXFileReference; lastKnownFileType = sourcecode.swift; path = TableViewItem.swift; sourceTree = "<group>"; };
		156570AA2454DE0700C1927B /* StatementFactoryState.swift */ = {isa = PBXFileReference; lastKnownFileType = sourcecode.swift; path = StatementFactoryState.swift; sourceTree = "<group>"; };
		156570AC2455038100C1927B /* StatementService.swift */ = {isa = PBXFileReference; lastKnownFileType = sourcecode.swift; path = StatementService.swift; sourceTree = "<group>"; };
		156570AE245503AF00C1927B /* StatementRequest.swift */ = {isa = PBXFileReference; lastKnownFileType = sourcecode.swift; path = StatementRequest.swift; sourceTree = "<group>"; };
		156570B02455060A00C1927B /* StatementViewModel+Requester.swift */ = {isa = PBXFileReference; lastKnownFileType = sourcecode.swift; path = "StatementViewModel+Requester.swift"; sourceTree = "<group>"; };
		156570B62455C33A00C1927B /* StatementRouter.swift */ = {isa = PBXFileReference; lastKnownFileType = sourcecode.swift; path = StatementRouter.swift; sourceTree = "<group>"; };
		156570B82455C44700C1927B /* StatementViewControllerDelegate.swift */ = {isa = PBXFileReference; lastKnownFileType = sourcecode.swift; path = StatementViewControllerDelegate.swift; sourceTree = "<group>"; };
		156570BC2455F0F000C1927B /* String+Extensions.swift */ = {isa = PBXFileReference; lastKnownFileType = sourcecode.swift; path = "String+Extensions.swift"; sourceTree = "<group>"; };
		156570BF2455F9C400C1927B /* KeychainSwift.swift */ = {isa = PBXFileReference; lastKnownFileType = sourcecode.swift; path = KeychainSwift.swift; sourceTree = "<group>"; };
		156570C12455FA2400C1927B /* KeychainSwiftAccessOptions.swift */ = {isa = PBXFileReference; lastKnownFileType = sourcecode.swift; path = KeychainSwiftAccessOptions.swift; sourceTree = "<group>"; };
		156570C32456101400C1927B /* TegKeychainConstants.swift */ = {isa = PBXFileReference; lastKnownFileType = sourcecode.swift; path = TegKeychainConstants.swift; sourceTree = "<group>"; };
		156570C52456115C00C1927B /* KeychainSwift+Extensions.swift */ = {isa = PBXFileReference; lastKnownFileType = sourcecode.swift; path = "KeychainSwift+Extensions.swift"; sourceTree = "<group>"; };
		156570C8245611C700C1927B /* Storage.swift */ = {isa = PBXFileReference; lastKnownFileType = sourcecode.swift; path = Storage.swift; sourceTree = "<group>"; };
		156570D024564B4B00C1927B /* LoginViewControllerSpec.swift */ = {isa = PBXFileReference; lastKnownFileType = sourcecode.swift; path = LoginViewControllerSpec.swift; sourceTree = "<group>"; };
		156570D624564F6B00C1927B /* LoginViewModelSpec.swift */ = {isa = PBXFileReference; lastKnownFileType = sourcecode.swift; path = LoginViewModelSpec.swift; sourceTree = "<group>"; };
		156570D82456557500C1927B /* LoginModelMock.swift */ = {isa = PBXFileReference; lastKnownFileType = sourcecode.swift; path = LoginModelMock.swift; sourceTree = "<group>"; };
		156570DF245678DF00C1927B /* ResultSpec.swift */ = {isa = PBXFileReference; lastKnownFileType = sourcecode.swift; path = ResultSpec.swift; sourceTree = "<group>"; };
		156570E22456795900C1927B /* NetworkErrorMock.swift */ = {isa = PBXFileReference; lastKnownFileType = sourcecode.swift; path = NetworkErrorMock.swift; sourceTree = "<group>"; };
		156570E624567CAD00C1927B /* StringExtensionsSpec.swift */ = {isa = PBXFileReference; lastKnownFileType = sourcecode.swift; path = StringExtensionsSpec.swift; sourceTree = "<group>"; };
		156570E824567E9700C1927B /* FloatExtensionsSpec.swift */ = {isa = PBXFileReference; lastKnownFileType = sourcecode.swift; path = FloatExtensionsSpec.swift; sourceTree = "<group>"; };
		156570EB2456810C00C1927B /* StringValidationSpec.swift */ = {isa = PBXFileReference; lastKnownFileType = sourcecode.swift; path = StringValidationSpec.swift; sourceTree = "<group>"; };
		156570ED245689F400C1927B /* ResponseStatusSpec.swift */ = {isa = PBXFileReference; lastKnownFileType = sourcecode.swift; path = ResponseStatusSpec.swift; sourceTree = "<group>"; };
		156570F02457C21100C1927B /* LoginServiceSpec.swift */ = {isa = PBXFileReference; lastKnownFileType = sourcecode.swift; path = LoginServiceSpec.swift; sourceTree = "<group>"; };
		156570F22457D1BB00C1927B /* Result+Nimble.swift */ = {isa = PBXFileReference; lastKnownFileType = sourcecode.swift; path = "Result+Nimble.swift"; sourceTree = "<group>"; };
		156570F42457D1FB00C1927B /* NetworkCoreMock.swift */ = {isa = PBXFileReference; lastKnownFileType = sourcecode.swift; path = NetworkCoreMock.swift; sourceTree = "<group>"; };
		156570F72457D3B300C1927B /* LoginRequestSpec.swift */ = {isa = PBXFileReference; lastKnownFileType = sourcecode.swift; path = LoginRequestSpec.swift; sourceTree = "<group>"; };
		156570FC2457DADC00C1927B /* TableViewDataSourceSpec.swift */ = {isa = PBXFileReference; lastKnownFileType = sourcecode.swift; path = TableViewDataSourceSpec.swift; sourceTree = "<group>"; };
		156570FE2457DB4E00C1927B /* MockTableViewSection.swift */ = {isa = PBXFileReference; lastKnownFileType = sourcecode.swift; path = MockTableViewSection.swift; sourceTree = "<group>"; };
		156571002457DBA000C1927B /* MockTableView.swift */ = {isa = PBXFileReference; lastKnownFileType = sourcecode.swift; path = MockTableView.swift; sourceTree = "<group>"; };
		156571022457DBC800C1927B /* MockTableViewCellBuilder.swift */ = {isa = PBXFileReference; lastKnownFileType = sourcecode.swift; path = MockTableViewCellBuilder.swift; sourceTree = "<group>"; };
		156571042457DE2A00C1927B /* UIViewcontrollerExtensionsSpec.swift */ = {isa = PBXFileReference; lastKnownFileType = sourcecode.swift; path = UIViewcontrollerExtensionsSpec.swift; sourceTree = "<group>"; };
		156571062457E73D00C1927B /* StatementViewModelSpec.swift */ = {isa = PBXFileReference; lastKnownFileType = sourcecode.swift; path = StatementViewModelSpec.swift; sourceTree = "<group>"; };
		156571082457E9C400C1927B /* StatementMock.swift */ = {isa = PBXFileReference; lastKnownFileType = sourcecode.swift; path = StatementMock.swift; sourceTree = "<group>"; };
		1565710A2457F77000C1927B /* StatementViewControllerSpec.swift */ = {isa = PBXFileReference; lastKnownFileType = sourcecode.swift; path = StatementViewControllerSpec.swift; sourceTree = "<group>"; };
		1565710D2457FAEC00C1927B /* StatementServiceSpec.swift */ = {isa = PBXFileReference; lastKnownFileType = sourcecode.swift; path = StatementServiceSpec.swift; sourceTree = "<group>"; };
		15660E3C2450FCEB007C1B41 /* TestiOS2.app */ = {isa = PBXFileReference; explicitFileType = wrapper.application; includeInIndex = 0; path = TestiOS2.app; sourceTree = BUILT_PRODUCTS_DIR; };
		15660E3F2450FCEB007C1B41 /* AppDelegate.swift */ = {isa = PBXFileReference; lastKnownFileType = sourcecode.swift; path = AppDelegate.swift; sourceTree = "<group>"; };
		15660E482450FCEC007C1B41 /* Assets.xcassets */ = {isa = PBXFileReference; lastKnownFileType = folder.assetcatalog; path = Assets.xcassets; sourceTree = "<group>"; };
		15660E4B2450FCEC007C1B41 /* Base */ = {isa = PBXFileReference; lastKnownFileType = file.storyboard; name = Base; path = Base.lproj/LaunchScreen.storyboard; sourceTree = "<group>"; };
		15660E4D2450FCEC007C1B41 /* Info.plist */ = {isa = PBXFileReference; lastKnownFileType = text.plist.xml; path = Info.plist; sourceTree = "<group>"; };
		15660E522450FCEC007C1B41 /* TestiOS2Tests.xctest */ = {isa = PBXFileReference; explicitFileType = wrapper.cfbundle; includeInIndex = 0; path = TestiOS2Tests.xctest; sourceTree = BUILT_PRODUCTS_DIR; };
		15660E582450FCEC007C1B41 /* Info.plist */ = {isa = PBXFileReference; lastKnownFileType = text.plist.xml; path = Info.plist; sourceTree = "<group>"; };
		15660E5D2450FCEC007C1B41 /* TestiOS2UITests.xctest */ = {isa = PBXFileReference; explicitFileType = wrapper.cfbundle; includeInIndex = 0; path = TestiOS2UITests.xctest; sourceTree = BUILT_PRODUCTS_DIR; };
		15660E612450FCEC007C1B41 /* TestiOS2UITests.swift */ = {isa = PBXFileReference; lastKnownFileType = sourcecode.swift; path = TestiOS2UITests.swift; sourceTree = "<group>"; };
		15660E632450FCEC007C1B41 /* Info.plist */ = {isa = PBXFileReference; lastKnownFileType = text.plist.xml; path = Info.plist; sourceTree = "<group>"; };
		15660E7624510923007C1B41 /* AppDelegate+Methods.swift */ = {isa = PBXFileReference; lastKnownFileType = sourcecode.swift; path = "AppDelegate+Methods.swift"; sourceTree = "<group>"; };
		15660E7924510B49007C1B41 /* R.generated.swift */ = {isa = PBXFileReference; fileEncoding = 4; lastKnownFileType = sourcecode.swift; path = R.generated.swift; sourceTree = SOURCE_ROOT; };
		15660E8424510DCE007C1B41 /* Connectivity.swift */ = {isa = PBXFileReference; lastKnownFileType = sourcecode.swift; path = Connectivity.swift; sourceTree = "<group>"; };
		15660E8724510E5E007C1B41 /* RequestMethod.swift */ = {isa = PBXFileReference; lastKnownFileType = sourcecode.swift; path = RequestMethod.swift; sourceTree = "<group>"; };
		15660E8924510E7A007C1B41 /* Result.swift */ = {isa = PBXFileReference; lastKnownFileType = sourcecode.swift; path = Result.swift; sourceTree = "<group>"; };
		15660E8C24510EDE007C1B41 /* NetworkErrorProtocol.swift */ = {isa = PBXFileReference; lastKnownFileType = sourcecode.swift; path = NetworkErrorProtocol.swift; sourceTree = "<group>"; };
		15660E8E24510EF4007C1B41 /* ResponseStatus.swift */ = {isa = PBXFileReference; lastKnownFileType = sourcecode.swift; path = ResponseStatus.swift; sourceTree = "<group>"; };
		15660E90245111BE007C1B41 /* NetworkCore.swift */ = {isa = PBXFileReference; lastKnownFileType = sourcecode.swift; path = NetworkCore.swift; sourceTree = "<group>"; };
		15660E92245115DD007C1B41 /* BaseNetworkError.swift */ = {isa = PBXFileReference; lastKnownFileType = sourcecode.swift; path = BaseNetworkError.swift; sourceTree = "<group>"; };
		15660E952451164B007C1B41 /* User.swift */ = {isa = PBXFileReference; lastKnownFileType = sourcecode.swift; path = User.swift; sourceTree = "<group>"; };
		15660E97245116BD007C1B41 /* ResponseError.swift */ = {isa = PBXFileReference; lastKnownFileType = sourcecode.swift; path = ResponseError.swift; sourceTree = "<group>"; };
		15660E9924511B0B007C1B41 /* URLs.swift */ = {isa = PBXFileReference; lastKnownFileType = sourcecode.swift; path = URLs.swift; sourceTree = "<group>"; };
		15660E9D24511BD8007C1B41 /* RequestProtocol.swift */ = {isa = PBXFileReference; lastKnownFileType = sourcecode.swift; path = RequestProtocol.swift; sourceTree = "<group>"; };
		15660EA024511C59007C1B41 /* APIRequest.swift */ = {isa = PBXFileReference; lastKnownFileType = sourcecode.swift; path = APIRequest.swift; sourceTree = "<group>"; };
		15660EA224512D74007C1B41 /* LoginRequest.swift */ = {isa = PBXFileReference; lastKnownFileType = sourcecode.swift; path = LoginRequest.swift; sourceTree = "<group>"; };
		15660EA624512F7A007C1B41 /* ServiceProtocol.swift */ = {isa = PBXFileReference; lastKnownFileType = sourcecode.swift; path = ServiceProtocol.swift; sourceTree = "<group>"; };
		15660EA9245139AE007C1B41 /* LoginViewController.swift */ = {isa = PBXFileReference; lastKnownFileType = sourcecode.swift; path = LoginViewController.swift; sourceTree = "<group>"; };
		15660EAF24513A27007C1B41 /* LoginView.swift */ = {isa = PBXFileReference; lastKnownFileType = sourcecode.swift; path = LoginView.swift; sourceTree = "<group>"; };
		15660EB124513A6C007C1B41 /* LoginViewModel.swift */ = {isa = PBXFileReference; lastKnownFileType = sourcecode.swift; path = LoginViewModel.swift; sourceTree = "<group>"; };
		15660EB324513B1E007C1B41 /* LoginService.swift */ = {isa = PBXFileReference; lastKnownFileType = sourcecode.swift; path = LoginService.swift; sourceTree = "<group>"; };
		15660EB624513EDC007C1B41 /* ViewCodeProtocol.swift */ = {isa = PBXFileReference; lastKnownFileType = sourcecode.swift; path = ViewCodeProtocol.swift; sourceTree = "<group>"; };
		5E9CA4FAAF6109D1EDB1931A /* libPods-TestiOS2Tests.a */ = {isa = PBXFileReference; explicitFileType = archive.ar; includeInIndex = 0; path = "libPods-TestiOS2Tests.a"; sourceTree = BUILT_PRODUCTS_DIR; };
		66C128FBA8E8C25FC81F69E9 /* Pods-TestiOS2Tests.release.xcconfig */ = {isa = PBXFileReference; includeInIndex = 1; lastKnownFileType = text.xcconfig; name = "Pods-TestiOS2Tests.release.xcconfig"; path = "Target Support Files/Pods-TestiOS2Tests/Pods-TestiOS2Tests.release.xcconfig"; sourceTree = "<group>"; };
		697FD5B87FBC0FF1A3319DBF /* Pods-TestiOS2Tests.debug.xcconfig */ = {isa = PBXFileReference; includeInIndex = 1; lastKnownFileType = text.xcconfig; name = "Pods-TestiOS2Tests.debug.xcconfig"; path = "Target Support Files/Pods-TestiOS2Tests/Pods-TestiOS2Tests.debug.xcconfig"; sourceTree = "<group>"; };
		6EBC1C82F4920D870BCCDC47 /* Pods-TestiOS2.release.xcconfig */ = {isa = PBXFileReference; includeInIndex = 1; lastKnownFileType = text.xcconfig; name = "Pods-TestiOS2.release.xcconfig"; path = "Target Support Files/Pods-TestiOS2/Pods-TestiOS2.release.xcconfig"; sourceTree = "<group>"; };
		E212C32D33AEDB0C7E25A752 /* Pods-TestiOS2.debug.xcconfig */ = {isa = PBXFileReference; includeInIndex = 1; lastKnownFileType = text.xcconfig; name = "Pods-TestiOS2.debug.xcconfig"; path = "Target Support Files/Pods-TestiOS2/Pods-TestiOS2.debug.xcconfig"; sourceTree = "<group>"; };
/* End PBXFileReference section */

/* Begin PBXFrameworksBuildPhase section */
		15660E392450FCEB007C1B41 /* Frameworks */ = {
			isa = PBXFrameworksBuildPhase;
			buildActionMask = 2147483647;
			files = (
				56CA654CBC7F66E7CCE39291 /* libPods-TestiOS2.a in Frameworks */,
			);
			runOnlyForDeploymentPostprocessing = 0;
		};
		15660E4F2450FCEC007C1B41 /* Frameworks */ = {
			isa = PBXFrameworksBuildPhase;
			buildActionMask = 2147483647;
			files = (
				9D233EEBBE254EAF6DA3353E /* libPods-TestiOS2Tests.a in Frameworks */,
			);
			runOnlyForDeploymentPostprocessing = 0;
		};
		15660E5A2450FCEC007C1B41 /* Frameworks */ = {
			isa = PBXFrameworksBuildPhase;
			buildActionMask = 2147483647;
			files = (
			);
			runOnlyForDeploymentPostprocessing = 0;
		};
/* End PBXFrameworksBuildPhase section */

/* Begin PBXGroup section */
		1500F3C52483510600AF08F7 /* Mock */ = {
			isa = PBXGroup;
			children = (
				1500F3C62483512D00AF08F7 /* StatementViewModelMock.swift */,
			);
			path = Mock;
			sourceTree = "<group>";
		};
		1500F3CE248401F100AF08F7 /* Main */ = {
			isa = PBXGroup;
			children = (
				1500F3CF248401FF00AF08F7 /* RequestMethodSpec.swift */,
			);
			path = Main;
			sourceTree = "<group>";
		};
		1500F3D124840FC700AF08F7 /* Validator */ = {
			isa = PBXGroup;
			children = (
				1500F3D22484107800AF08F7 /* CPFEmailValidatorSpec.swift */,
				1500F3D424841E9500AF08F7 /* PasswordValidatiorSpec.swift */,
			);
			path = Validator;
			sourceTree = "<group>";
		};
		1500F3DA2484272100AF08F7 /* Mock */ = {
			isa = PBXGroup;
			children = (
				1500F3DB2484276200AF08F7 /* LoginViewModelMock.swift */,
			);
			path = Mock;
			sourceTree = "<group>";
		};
		15657047245244CE00C1927B /* Components */ = {
			isa = PBXGroup;
			children = (
				156570892453CE7500C1927B /* StatementTitleValueView */,
				1565705424525A4500C1927B /* LoginButton */,
				1565705024524D1B00C1927B /* LoginTextField */,
				15657048245244D900C1927B /* Resources */,
			);
			path = Components;
			sourceTree = "<group>";
		};
		15657048245244D900C1927B /* Resources */ = {
			isa = PBXGroup;
			children = (
				15657049245244F200C1927B /* AppColors.swift */,
				156570872453C3D200C1927B /* AppFont.swift */,
			);
			path = Resources;
			sourceTree = "<group>";
		};
		1565704B245247B400C1927B /* Extensions */ = {
			isa = PBXGroup;
			children = (
				1565704D245247C300C1927B /* UIKit */,
				1565704C245247BE00C1927B /* Foundation */,
				156570C52456115C00C1927B /* KeychainSwift+Extensions.swift */,
			);
			path = Extensions;
			sourceTree = "<group>";
		};
		1565704C245247BE00C1927B /* Foundation */ = {
			isa = PBXGroup;
			children = (
				15657068245280C000C1927B /* String+Validations.swift */,
				1565708C2453D9A300C1927B /* Float+Extensions.swift */,
				156570BC2455F0F000C1927B /* String+Extensions.swift */,
			);
			path = Foundation;
			sourceTree = "<group>";
		};
		1565704D245247C300C1927B /* UIKit */ = {
			isa = PBXGroup;
			children = (
				1565704E245247D600C1927B /* UIView+Extensions.swift */,
				1565706E2452931000C1927B /* UIViewController+Extensions.swift */,
				1565709E24548D0400C1927B /* UITableView+Reusable.swift */,
			);
			path = UIKit;
			sourceTree = "<group>";
		};
		1565705024524D1B00C1927B /* LoginTextField */ = {
			isa = PBXGroup;
			children = (
				1565705224524D3100C1927B /* LoginTextField.swift */,
			);
			path = LoginTextField;
			sourceTree = "<group>";
		};
		1565705424525A4500C1927B /* LoginButton */ = {
			isa = PBXGroup;
			children = (
				1565705524525A5900C1927B /* LoginButton.swift */,
			);
			path = LoginButton;
			sourceTree = "<group>";
		};
		1565705724525DC100C1927B /* Utils */ = {
			isa = PBXGroup;
			children = (
				156570BE2455F97900C1927B /* Keychain */,
				156570A52454DD7300C1927B /* UITableView */,
				1565705824525DCF00C1927B /* Keyboard */,
			);
			path = Utils;
			sourceTree = "<group>";
		};
		1565705824525DCF00C1927B /* Keyboard */ = {
			isa = PBXGroup;
			children = (
				1565705D24525E3600C1927B /* KeyboardAnchorManager */,
				1565705E24525E5400C1927B /* KeyboardConfiguration.swift */,
			);
			path = Keyboard;
			sourceTree = "<group>";
		};
		1565705D24525E3600C1927B /* KeyboardAnchorManager */ = {
			isa = PBXGroup;
			children = (
				1565705924525DFB00C1927B /* KeyboardAnchorManager.swift */,
				1565705B24525E0B00C1927B /* KeyboardManagerBuilder.swift */,
			);
			path = KeyboardAnchorManager;
			sourceTree = "<group>";
		};
		1565706324527FBA00C1927B /* Validators */ = {
			isa = PBXGroup;
			children = (
				1565706424527FEB00C1927B /* CPFEmailValidator.swift */,
				1565706A2452822500C1927B /* PasswordValidatior.swift */,
				156570662452802A00C1927B /* StringValidator.swift */,
			);
			path = Validators;
			sourceTree = "<group>";
		};
		156570752453067700C1927B /* Statement */ = {
			isa = PBXGroup;
			children = (
				15657079245306A400C1927B /* StatementViewController.swift */,
				156570B82455C44700C1927B /* StatementViewControllerDelegate.swift */,
				156570B52455C33200C1927B /* Router */,
				1565708F245480E300C1927B /* Factory */,
				1565708E245480DE00C1927B /* Builder */,
				156570782453069300C1927B /* Service */,
				156570772453069000C1927B /* View */,
				156570762453068700C1927B /* ViewModel */,
			);
			path = Statement;
			sourceTree = "<group>";
		};
		156570762453068700C1927B /* ViewModel */ = {
			isa = PBXGroup;
			children = (
				1565707D2453071F00C1927B /* StatementViewModel.swift */,
				156570B02455060A00C1927B /* StatementViewModel+Requester.swift */,
				1500F3C124834B8C00AF08F7 /* StatementViewModelProtocol.swift */,
			);
			path = ViewModel;
			sourceTree = "<group>";
		};
		156570772453069000C1927B /* View */ = {
			isa = PBXGroup;
			children = (
				1565709C24548BF200C1927B /* StatementTableViewCell.swift */,
				1565707B2453071000C1927B /* StatementView.swift */,
				1500F3BF24834B5E00AF08F7 /* StatementViewProtocol.swift */,
			);
			path = View;
			sourceTree = "<group>";
		};
		156570782453069300C1927B /* Service */ = {
			isa = PBXGroup;
			children = (
				156570AC2455038100C1927B /* StatementService.swift */,
			);
			path = Service;
			sourceTree = "<group>";
		};
		156570892453CE7500C1927B /* StatementTitleValueView */ = {
			isa = PBXGroup;
			children = (
				1565708A2453CE7C00C1927B /* StatementTitleValueView.swift */,
			);
			path = StatementTitleValueView;
			sourceTree = "<group>";
		};
		1565708E245480DE00C1927B /* Builder */ = {
			isa = PBXGroup;
			children = (
				156570932454830C00C1927B /* StatementCellBuilder.swift */,
			);
			path = Builder;
			sourceTree = "<group>";
		};
		1565708F245480E300C1927B /* Factory */ = {
			isa = PBXGroup;
			children = (
				156570912454830000C1927B /* StatementFactory.swift */,
				156570AA2454DE0700C1927B /* StatementFactoryState.swift */,
			);
			path = Factory;
			sourceTree = "<group>";
		};
		15657097245484B300C1927B /* TableView */ = {
			isa = PBXGroup;
			children = (
				15657098245484C700C1927B /* TableViewCellBuilder.swift */,
				1565709A245484D600C1927B /* TableViewSection.swift */,
			);
			path = TableView;
			sourceTree = "<group>";
		};
		156570A024548D5300C1927B /* Identifiable */ = {
			isa = PBXGroup;
			children = (
				156570A124548D5C00C1927B /* Identifiable.swift */,
			);
			path = Identifiable;
			sourceTree = "<group>";
		};
		156570A52454DD7300C1927B /* UITableView */ = {
			isa = PBXGroup;
			children = (
				156570A32454DD6D00C1927B /* StaticSection.swift */,
				156570A62454DD8000C1927B /* TableViewDataSource.swift */,
				156570A82454DD8A00C1927B /* TableViewItem.swift */,
			);
			path = UITableView;
			sourceTree = "<group>";
		};
		156570B52455C33200C1927B /* Router */ = {
			isa = PBXGroup;
			children = (
				156570B62455C33A00C1927B /* StatementRouter.swift */,
			);
			path = Router;
			sourceTree = "<group>";
		};
		156570BE2455F97900C1927B /* Keychain */ = {
			isa = PBXGroup;
			children = (
				156570BF2455F9C400C1927B /* KeychainSwift.swift */,
				156570C12455FA2400C1927B /* KeychainSwiftAccessOptions.swift */,
				156570C32456101400C1927B /* TegKeychainConstants.swift */,
			);
			path = Keychain;
			sourceTree = "<group>";
		};
		156570C7245611C000C1927B /* Storage */ = {
			isa = PBXGroup;
			children = (
				156570C8245611C700C1927B /* Storage.swift */,
			);
			path = Storage;
			sourceTree = "<group>";
		};
		156570CA24564AC400C1927B /* Modules */ = {
			isa = PBXGroup;
			children = (
				156570CC24564AD600C1927B /* Statement */,
				156570CB24564AD200C1927B /* Login */,
			);
			path = Modules;
			sourceTree = "<group>";
		};
		156570CB24564AD200C1927B /* Login */ = {
			isa = PBXGroup;
			children = (
				1500F3DA2484272100AF08F7 /* Mock */,
				156570D024564B4B00C1927B /* LoginViewControllerSpec.swift */,
				156570D624564F6B00C1927B /* LoginViewModelSpec.swift */,
				156570F02457C21100C1927B /* LoginServiceSpec.swift */,
				1500F3D82484270700AF08F7 /* LoginViewSpec.swift */,
			);
			path = Login;
			sourceTree = "<group>";
		};
		156570CC24564AD600C1927B /* Statement */ = {
			isa = PBXGroup;
			children = (
				1500F3C52483510600AF08F7 /* Mock */,
				156571062457E73D00C1927B /* StatementViewModelSpec.swift */,
				1500F3C82483EBB500AF08F7 /* StatementCellBuilderSpec.swift */,
				1565710A2457F77000C1927B /* StatementViewControllerSpec.swift */,
				1565710D2457FAEC00C1927B /* StatementServiceSpec.swift */,
				1500F3C3248350CE00AF08F7 /* StatementViewSpec.swift */,
				1500F3CA2483F5A000AF08F7 /* StatementTableViewCellSpec.swift */,
			);
			path = Statement;
			sourceTree = "<group>";
		};
		156570CD24564AE300C1927B /* Extensions */ = {
			isa = PBXGroup;
			children = (
				156570E524567C9500C1927B /* Foundation */,
				156570E424567C9000C1927B /* UIKit */,
			);
			path = Extensions;
			sourceTree = "<group>";
		};
		156570CE24564AEB00C1927B /* Components */ = {
			isa = PBXGroup;
			children = (
				1500F3D124840FC700AF08F7 /* Validator */,
			);
			path = Components;
			sourceTree = "<group>";
		};
		156570D224564BF200C1927B /* Mocks */ = {
			isa = PBXGroup;
			children = (
				156570E12456793500C1927B /* Network */,
				156570D82456557500C1927B /* LoginModelMock.swift */,
				156571082457E9C400C1927B /* StatementMock.swift */,
				156570FE2457DB4E00C1927B /* MockTableViewSection.swift */,
				156571002457DBA000C1927B /* MockTableView.swift */,
				156571022457DBC800C1927B /* MockTableViewCellBuilder.swift */,
			);
			path = Mocks;
			sourceTree = "<group>";
		};
		156570DA2456579800C1927B /* Resources */ = {
			isa = PBXGroup;
			children = (
				156570F22457D1BB00C1927B /* Result+Nimble.swift */,
			);
			path = Resources;
			sourceTree = "<group>";
		};
		156570DE245678D000C1927B /* Network */ = {
			isa = PBXGroup;
			children = (
				1500F3CE248401F100AF08F7 /* Main */,
				156570F62457D39E00C1927B /* Requests */,
				156570DF245678DF00C1927B /* ResultSpec.swift */,
				156570ED245689F400C1927B /* ResponseStatusSpec.swift */,
			);
			path = Network;
			sourceTree = "<group>";
		};
		156570E12456793500C1927B /* Network */ = {
			isa = PBXGroup;
			children = (
				156570E22456795900C1927B /* NetworkErrorMock.swift */,
				156570F42457D1FB00C1927B /* NetworkCoreMock.swift */,
			);
			path = Network;
			sourceTree = "<group>";
		};
		156570E424567C9000C1927B /* UIKit */ = {
			isa = PBXGroup;
			children = (
				156571042457DE2A00C1927B /* UIViewcontrollerExtensionsSpec.swift */,
			);
			path = UIKit;
			sourceTree = "<group>";
		};
		156570E524567C9500C1927B /* Foundation */ = {
			isa = PBXGroup;
			children = (
				156570E624567CAD00C1927B /* StringExtensionsSpec.swift */,
				156570E824567E9700C1927B /* FloatExtensionsSpec.swift */,
				156570EB2456810C00C1927B /* StringValidationSpec.swift */,
			);
			path = Foundation;
			sourceTree = "<group>";
		};
		156570F62457D39E00C1927B /* Requests */ = {
			isa = PBXGroup;
			children = (
				156570F72457D3B300C1927B /* LoginRequestSpec.swift */,
				1500F3CC2483FE9600AF08F7 /* StatementRequestSpec.swift */,
			);
			path = Requests;
			sourceTree = "<group>";
		};
		156570F92457DAC300C1927B /* Main */ = {
			isa = PBXGroup;
			children = (
				156570FA2457DACA00C1927B /* Utils */,
			);
			path = Main;
			sourceTree = "<group>";
		};
		156570FA2457DACA00C1927B /* Utils */ = {
			isa = PBXGroup;
			children = (
				156570FB2457DAD100C1927B /* TableView */,
			);
			path = Utils;
			sourceTree = "<group>";
		};
		156570FB2457DAD100C1927B /* TableView */ = {
			isa = PBXGroup;
			children = (
				156570FC2457DADC00C1927B /* TableViewDataSourceSpec.swift */,
			);
			path = TableView;
			sourceTree = "<group>";
		};
		15660E332450FCEB007C1B41 = {
			isa = PBXGroup;
			children = (
				15660E3E2450FCEB007C1B41 /* TestiOS2 */,
				15660E552450FCEC007C1B41 /* TestiOS2Tests */,
				15660E602450FCEC007C1B41 /* TestiOS2UITests */,
				15660E3D2450FCEB007C1B41 /* Products */,
				37D86E87ADC7F6EF5F4C7BB8 /* Pods */,
				E8C51062FBCC0F7D17869D36 /* Frameworks */,
			);
			sourceTree = "<group>";
		};
		15660E3D2450FCEB007C1B41 /* Products */ = {
			isa = PBXGroup;
			children = (
				15660E3C2450FCEB007C1B41 /* TestiOS2.app */,
				15660E522450FCEC007C1B41 /* TestiOS2Tests.xctest */,
				15660E5D2450FCEC007C1B41 /* TestiOS2UITests.xctest */,
			);
			name = Products;
			sourceTree = "<group>";
		};
		15660E3E2450FCEB007C1B41 /* TestiOS2 */ = {
			isa = PBXGroup;
			children = (
				15660E7B24510C6F007C1B41 /* Network */,
				15660E6F245107F6007C1B41 /* Resources */,
				15660E7124510804007C1B41 /* Sources */,
			);
			path = TestiOS2;
			sourceTree = "<group>";
		};
		15660E552450FCEC007C1B41 /* TestiOS2Tests */ = {
			isa = PBXGroup;
			children = (
				156570F92457DAC300C1927B /* Main */,
				156570DE245678D000C1927B /* Network */,
				156570DA2456579800C1927B /* Resources */,
				156570D224564BF200C1927B /* Mocks */,
				156570CE24564AEB00C1927B /* Components */,
				156570CD24564AE300C1927B /* Extensions */,
				156570CA24564AC400C1927B /* Modules */,
				15660E582450FCEC007C1B41 /* Info.plist */,
			);
			path = TestiOS2Tests;
			sourceTree = "<group>";
		};
		15660E602450FCEC007C1B41 /* TestiOS2UITests */ = {
			isa = PBXGroup;
			children = (
				15660E612450FCEC007C1B41 /* TestiOS2UITests.swift */,
				15660E632450FCEC007C1B41 /* Info.plist */,
			);
			path = TestiOS2UITests;
			sourceTree = "<group>";
		};
		15660E6F245107F6007C1B41 /* Resources */ = {
			isa = PBXGroup;
			children = (
				15660E7924510B49007C1B41 /* R.generated.swift */,
				15660E482450FCEC007C1B41 /* Assets.xcassets */,
				15660E4A2450FCEC007C1B41 /* LaunchScreen.storyboard */,
				15660E4D2450FCEC007C1B41 /* Info.plist */,
				156570452452420300C1927B /* Localizable.strings */,
			);
			path = Resources;
			sourceTree = "<group>";
		};
		15660E7124510804007C1B41 /* Sources */ = {
			isa = PBXGroup;
			children = (
				1565704B245247B400C1927B /* Extensions */,
				15657047245244CE00C1927B /* Components */,
				15660E9B24511BC6007C1B41 /* Protocols */,
				15660E73245108CC007C1B41 /* Main */,
				15660E72245108C8007C1B41 /* Modules */,
			);
			path = Sources;
			sourceTree = "<group>";
		};
		15660E72245108C8007C1B41 /* Modules */ = {
			isa = PBXGroup;
			children = (
				156570752453067700C1927B /* Statement */,
				15660EA824513996007C1B41 /* Login */,
			);
			path = Modules;
			sourceTree = "<group>";
		};
		15660E73245108CC007C1B41 /* Main */ = {
			isa = PBXGroup;
			children = (
				1565705724525DC100C1927B /* Utils */,
				15660E74245108D3007C1B41 /* AppDelegate */,
			);
			path = Main;
			sourceTree = "<group>";
		};
		15660E74245108D3007C1B41 /* AppDelegate */ = {
			isa = PBXGroup;
			children = (
				15660E3F2450FCEB007C1B41 /* AppDelegate.swift */,
				15660E7624510923007C1B41 /* AppDelegate+Methods.swift */,
			);
			path = AppDelegate;
			sourceTree = "<group>";
		};
		15660E7B24510C6F007C1B41 /* Network */ = {
			isa = PBXGroup;
			children = (
				15660E7F24510C99007C1B41 /* Requests */,
				15660E7E24510C96007C1B41 /* Models */,
				15660E7D24510C8F007C1B41 /* Main */,
				15660E7C24510C8A007C1B41 /* Error */,
			);
			path = Network;
			sourceTree = "<group>";
		};
		15660E7C24510C8A007C1B41 /* Error */ = {
			isa = PBXGroup;
			children = (
				15660E8B24510ED0007C1B41 /* Protocol */,
				15660E92245115DD007C1B41 /* BaseNetworkError.swift */,
			);
			path = Error;
			sourceTree = "<group>";
		};
		15660E7D24510C8F007C1B41 /* Main */ = {
			isa = PBXGroup;
			children = (
				15660E9D24511BD8007C1B41 /* RequestProtocol.swift */,
				15660E8224510CE3007C1B41 /* URLs */,
				15660E8124510CD5007C1B41 /* Connectivity */,
				15660E8024510CCA007C1B41 /* APIRequest */,
				15660E8724510E5E007C1B41 /* RequestMethod.swift */,
				15660E8924510E7A007C1B41 /* Result.swift */,
				15660E8E24510EF4007C1B41 /* ResponseStatus.swift */,
				15660E90245111BE007C1B41 /* NetworkCore.swift */,
			);
			path = Main;
			sourceTree = "<group>";
		};
		15660E7E24510C96007C1B41 /* Models */ = {
			isa = PBXGroup;
			children = (
				15660E952451164B007C1B41 /* User.swift */,
				15660E97245116BD007C1B41 /* ResponseError.swift */,
				156570952454833A00C1927B /* Statement.swift */,
			);
			path = Models;
			sourceTree = "<group>";
		};
		15660E7F24510C99007C1B41 /* Requests */ = {
			isa = PBXGroup;
			children = (
				15660E9424511624007C1B41 /* API */,
			);
			path = Requests;
			sourceTree = "<group>";
		};
		15660E8024510CCA007C1B41 /* APIRequest */ = {
			isa = PBXGroup;
			children = (
				15660EA024511C59007C1B41 /* APIRequest.swift */,
			);
			path = APIRequest;
			sourceTree = "<group>";
		};
		15660E8124510CD5007C1B41 /* Connectivity */ = {
			isa = PBXGroup;
			children = (
				15660E8424510DCE007C1B41 /* Connectivity.swift */,
			);
			path = Connectivity;
			sourceTree = "<group>";
		};
		15660E8224510CE3007C1B41 /* URLs */ = {
			isa = PBXGroup;
			children = (
				15660E9924511B0B007C1B41 /* URLs.swift */,
			);
			path = URLs;
			sourceTree = "<group>";
		};
		15660E8B24510ED0007C1B41 /* Protocol */ = {
			isa = PBXGroup;
			children = (
				15660E8C24510EDE007C1B41 /* NetworkErrorProtocol.swift */,
			);
			path = Protocol;
			sourceTree = "<group>";
		};
		15660E9424511624007C1B41 /* API */ = {
			isa = PBXGroup;
			children = (
				15660EA224512D74007C1B41 /* LoginRequest.swift */,
				156570AE245503AF00C1927B /* StatementRequest.swift */,
			);
			path = API;
			sourceTree = "<group>";
		};
		15660E9B24511BC6007C1B41 /* Protocols */ = {
			isa = PBXGroup;
			children = (
				156570C7245611C000C1927B /* Storage */,
				156570A024548D5300C1927B /* Identifiable */,
				15657097245484B300C1927B /* TableView */,
				1565706324527FBA00C1927B /* Validators */,
				15660EB524513ECF007C1B41 /* View */,
				15660E9C24511BCC007C1B41 /* Service */,
			);
			path = Protocols;
			sourceTree = "<group>";
		};
		15660E9C24511BCC007C1B41 /* Service */ = {
			isa = PBXGroup;
			children = (
				15660EA624512F7A007C1B41 /* ServiceProtocol.swift */,
			);
			path = Service;
			sourceTree = "<group>";
		};
		15660EA824513996007C1B41 /* Login */ = {
			isa = PBXGroup;
			children = (
				15660EA9245139AE007C1B41 /* LoginViewController.swift */,
				15657071245293FD00C1927B /* LoginViewControllerDelegate.swift */,
				15660EAE245139CA007C1B41 /* Router */,
				15660EAB245139B7007C1B41 /* Service */,
				15660EAD245139C0007C1B41 /* View */,
				15660EAC245139BC007C1B41 /* ViewModel */,
			);
			path = Login;
			sourceTree = "<group>";
		};
		15660EAB245139B7007C1B41 /* Service */ = {
			isa = PBXGroup;
			children = (
				15660EB324513B1E007C1B41 /* LoginService.swift */,
			);
			path = Service;
			sourceTree = "<group>";
		};
		15660EAC245139BC007C1B41 /* ViewModel */ = {
			isa = PBXGroup;
			children = (
				15660EB124513A6C007C1B41 /* LoginViewModel.swift */,
				1565706C2452886F00C1927B /* LoginViewModel+Requester.swift */,
				1500F3DD24842B7900AF08F7 /* LoginViewModelProtocol.swift */,
			);
			path = ViewModel;
			sourceTree = "<group>";
		};
		15660EAD245139C0007C1B41 /* View */ = {
			isa = PBXGroup;
			children = (
				15660EAF24513A27007C1B41 /* LoginView.swift */,
				1500F3DF24842B9200AF08F7 /* LoginViewProtocol.swift */,
			);
			path = View;
			sourceTree = "<group>";
		};
		15660EAE245139CA007C1B41 /* Router */ = {
			isa = PBXGroup;
			children = (
				1565707324529B7300C1927B /* LoginRouter.swift */,
			);
			path = Router;
			sourceTree = "<group>";
		};
		15660EB524513ECF007C1B41 /* View */ = {
			isa = PBXGroup;
			children = (
				15660EB624513EDC007C1B41 /* ViewCodeProtocol.swift */,
			);
			path = View;
			sourceTree = "<group>";
		};
		37D86E87ADC7F6EF5F4C7BB8 /* Pods */ = {
			isa = PBXGroup;
			children = (
				E212C32D33AEDB0C7E25A752 /* Pods-TestiOS2.debug.xcconfig */,
				6EBC1C82F4920D870BCCDC47 /* Pods-TestiOS2.release.xcconfig */,
				697FD5B87FBC0FF1A3319DBF /* Pods-TestiOS2Tests.debug.xcconfig */,
				66C128FBA8E8C25FC81F69E9 /* Pods-TestiOS2Tests.release.xcconfig */,
			);
			path = Pods;
			sourceTree = "<group>";
		};
		E8C51062FBCC0F7D17869D36 /* Frameworks */ = {
			isa = PBXGroup;
			children = (
				13871F9149DA53A56E75B177 /* libPods-TestiOS2.a */,
				5E9CA4FAAF6109D1EDB1931A /* libPods-TestiOS2Tests.a */,
			);
			name = Frameworks;
			sourceTree = "<group>";
		};
/* End PBXGroup section */

/* Begin PBXNativeTarget section */
		15660E3B2450FCEB007C1B41 /* TestiOS2 */ = {
			isa = PBXNativeTarget;
			buildConfigurationList = 15660E662450FCEC007C1B41 /* Build configuration list for PBXNativeTarget "TestiOS2" */;
			buildPhases = (
				A0D49F7E1C0A8AB0D3B31E3F /* [CP] Check Pods Manifest.lock */,
				15660E7824510AF7007C1B41 /* RSwift */,
				15660E382450FCEB007C1B41 /* Sources */,
				15660E392450FCEB007C1B41 /* Frameworks */,
				15660E3A2450FCEB007C1B41 /* Resources */,
			);
			buildRules = (
			);
			dependencies = (
			);
			name = TestiOS2;
			productName = TestiOS2;
			productReference = 15660E3C2450FCEB007C1B41 /* TestiOS2.app */;
			productType = "com.apple.product-type.application";
		};
		15660E512450FCEC007C1B41 /* TestiOS2Tests */ = {
			isa = PBXNativeTarget;
			buildConfigurationList = 15660E692450FCEC007C1B41 /* Build configuration list for PBXNativeTarget "TestiOS2Tests" */;
			buildPhases = (
				8F6B36FBFBA615DC1AED0552 /* [CP] Check Pods Manifest.lock */,
				15660E4E2450FCEC007C1B41 /* Sources */,
				15660E4F2450FCEC007C1B41 /* Frameworks */,
				15660E502450FCEC007C1B41 /* Resources */,
			);
			buildRules = (
			);
			dependencies = (
				15660E542450FCEC007C1B41 /* PBXTargetDependency */,
			);
			name = TestiOS2Tests;
			productName = TestiOS2Tests;
			productReference = 15660E522450FCEC007C1B41 /* TestiOS2Tests.xctest */;
			productType = "com.apple.product-type.bundle.unit-test";
		};
		15660E5C2450FCEC007C1B41 /* TestiOS2UITests */ = {
			isa = PBXNativeTarget;
			buildConfigurationList = 15660E6C2450FCEC007C1B41 /* Build configuration list for PBXNativeTarget "TestiOS2UITests" */;
			buildPhases = (
				15660E592450FCEC007C1B41 /* Sources */,
				15660E5A2450FCEC007C1B41 /* Frameworks */,
				15660E5B2450FCEC007C1B41 /* Resources */,
			);
			buildRules = (
			);
			dependencies = (
				15660E5F2450FCEC007C1B41 /* PBXTargetDependency */,
			);
			name = TestiOS2UITests;
			productName = TestiOS2UITests;
			productReference = 15660E5D2450FCEC007C1B41 /* TestiOS2UITests.xctest */;
			productType = "com.apple.product-type.bundle.ui-testing";
		};
/* End PBXNativeTarget section */

/* Begin PBXProject section */
		15660E342450FCEB007C1B41 /* Project object */ = {
			isa = PBXProject;
			attributes = {
				LastSwiftUpdateCheck = 1140;
				LastUpgradeCheck = 1140;
				ORGANIZATIONNAME = "Rafael Bonini de Souza";
				TargetAttributes = {
					15660E3B2450FCEB007C1B41 = {
						CreatedOnToolsVersion = 11.4;
					};
					15660E512450FCEC007C1B41 = {
						CreatedOnToolsVersion = 11.4;
						TestTargetID = 15660E3B2450FCEB007C1B41;
					};
					15660E5C2450FCEC007C1B41 = {
						CreatedOnToolsVersion = 11.4;
						TestTargetID = 15660E3B2450FCEB007C1B41;
					};
				};
			};
			buildConfigurationList = 15660E372450FCEB007C1B41 /* Build configuration list for PBXProject "TestiOS2" */;
			compatibilityVersion = "Xcode 9.3";
			developmentRegion = en;
			hasScannedForEncodings = 0;
			knownRegions = (
				en,
				Base,
			);
			mainGroup = 15660E332450FCEB007C1B41;
			productRefGroup = 15660E3D2450FCEB007C1B41 /* Products */;
			projectDirPath = "";
			projectRoot = "";
			targets = (
				15660E3B2450FCEB007C1B41 /* TestiOS2 */,
				15660E512450FCEC007C1B41 /* TestiOS2Tests */,
				15660E5C2450FCEC007C1B41 /* TestiOS2UITests */,
			);
		};
/* End PBXProject section */

/* Begin PBXResourcesBuildPhase section */
		15660E3A2450FCEB007C1B41 /* Resources */ = {
			isa = PBXResourcesBuildPhase;
			buildActionMask = 2147483647;
			files = (
				15660E4C2450FCEC007C1B41 /* LaunchScreen.storyboard in Resources */,
				156570462452420300C1927B /* Localizable.strings in Resources */,
				15660E492450FCEC007C1B41 /* Assets.xcassets in Resources */,
			);
			runOnlyForDeploymentPostprocessing = 0;
		};
		15660E502450FCEC007C1B41 /* Resources */ = {
			isa = PBXResourcesBuildPhase;
			buildActionMask = 2147483647;
			files = (
			);
			runOnlyForDeploymentPostprocessing = 0;
		};
		15660E5B2450FCEC007C1B41 /* Resources */ = {
			isa = PBXResourcesBuildPhase;
			buildActionMask = 2147483647;
			files = (
			);
			runOnlyForDeploymentPostprocessing = 0;
		};
/* End PBXResourcesBuildPhase section */

/* Begin PBXShellScriptBuildPhase section */
		15660E7824510AF7007C1B41 /* RSwift */ = {
			isa = PBXShellScriptBuildPhase;
			buildActionMask = 2147483647;
			files = (
			);
			inputFileListPaths = (
			);
			inputPaths = (
				"$TEMP_DIR/rswift-lastrun",
			);
			name = RSwift;
			outputFileListPaths = (
			);
			outputPaths = (
				$SRCROOT/R.generated.swift,
			);
			runOnlyForDeploymentPostprocessing = 0;
			shellPath = /bin/sh;
			shellScript = "\"$PODS_ROOT/R.swift/rswift\" generate \"$SRCROOT/R.generated.swift\"\n";
		};
		8F6B36FBFBA615DC1AED0552 /* [CP] Check Pods Manifest.lock */ = {
			isa = PBXShellScriptBuildPhase;
			buildActionMask = 2147483647;
			files = (
			);
			inputFileListPaths = (
			);
			inputPaths = (
				"${PODS_PODFILE_DIR_PATH}/Podfile.lock",
				"${PODS_ROOT}/Manifest.lock",
			);
			name = "[CP] Check Pods Manifest.lock";
			outputFileListPaths = (
			);
			outputPaths = (
				"$(DERIVED_FILE_DIR)/Pods-TestiOS2Tests-checkManifestLockResult.txt",
			);
			runOnlyForDeploymentPostprocessing = 0;
			shellPath = /bin/sh;
			shellScript = "diff \"${PODS_PODFILE_DIR_PATH}/Podfile.lock\" \"${PODS_ROOT}/Manifest.lock\" > /dev/null\nif [ $? != 0 ] ; then\n    # print error to STDERR\n    echo \"error: The sandbox is not in sync with the Podfile.lock. Run 'pod install' or update your CocoaPods installation.\" >&2\n    exit 1\nfi\n# This output is used by Xcode 'outputs' to avoid re-running this script phase.\necho \"SUCCESS\" > \"${SCRIPT_OUTPUT_FILE_0}\"\n";
			showEnvVarsInLog = 0;
		};
		A0D49F7E1C0A8AB0D3B31E3F /* [CP] Check Pods Manifest.lock */ = {
			isa = PBXShellScriptBuildPhase;
			buildActionMask = 2147483647;
			files = (
			);
			inputFileListPaths = (
			);
			inputPaths = (
				"${PODS_PODFILE_DIR_PATH}/Podfile.lock",
				"${PODS_ROOT}/Manifest.lock",
			);
			name = "[CP] Check Pods Manifest.lock";
			outputFileListPaths = (
			);
			outputPaths = (
				"$(DERIVED_FILE_DIR)/Pods-TestiOS2-checkManifestLockResult.txt",
			);
			runOnlyForDeploymentPostprocessing = 0;
			shellPath = /bin/sh;
			shellScript = "diff \"${PODS_PODFILE_DIR_PATH}/Podfile.lock\" \"${PODS_ROOT}/Manifest.lock\" > /dev/null\nif [ $? != 0 ] ; then\n    # print error to STDERR\n    echo \"error: The sandbox is not in sync with the Podfile.lock. Run 'pod install' or update your CocoaPods installation.\" >&2\n    exit 1\nfi\n# This output is used by Xcode 'outputs' to avoid re-running this script phase.\necho \"SUCCESS\" > \"${SCRIPT_OUTPUT_FILE_0}\"\n";
			showEnvVarsInLog = 0;
		};
/* End PBXShellScriptBuildPhase section */

/* Begin PBXSourcesBuildPhase section */
		15660E382450FCEB007C1B41 /* Sources */ = {
			isa = PBXSourcesBuildPhase;
			buildActionMask = 2147483647;
			files = (
				1565708D2453D9A300C1927B /* Float+Extensions.swift in Sources */,
				156570962454833A00C1927B /* Statement.swift in Sources */,
				15657099245484C700C1927B /* TableViewCellBuilder.swift in Sources */,
				1565706D2452886F00C1927B /* LoginViewModel+Requester.swift in Sources */,
				15660E402450FCEB007C1B41 /* AppDelegate.swift in Sources */,
				1565706B2452822500C1927B /* PasswordValidatior.swift in Sources */,
				1565707A245306A400C1927B /* StatementViewController.swift in Sources */,
				156570A42454DD6D00C1927B /* StaticSection.swift in Sources */,
				1565705624525A5900C1927B /* LoginButton.swift in Sources */,
				156570B12455060A00C1927B /* StatementViewModel+Requester.swift in Sources */,
				1565709D24548BF200C1927B /* StatementTableViewCell.swift in Sources */,
				156570B92455C44700C1927B /* StatementViewControllerDelegate.swift in Sources */,
				1565706F2452931000C1927B /* UIViewController+Extensions.swift in Sources */,
				1565709B245484D600C1927B /* TableViewSection.swift in Sources */,
				156570C62456115C00C1927B /* KeychainSwift+Extensions.swift in Sources */,
				1565707C2453071000C1927B /* StatementView.swift in Sources */,
				1565708B2453CE7C00C1927B /* StatementTitleValueView.swift in Sources */,
				15660EA324512D74007C1B41 /* LoginRequest.swift in Sources */,
				156570AD2455038100C1927B /* StatementService.swift in Sources */,
				1565704F245247D600C1927B /* UIView+Extensions.swift in Sources */,
				1565705324524D3100C1927B /* LoginTextField.swift in Sources */,
				156570AF245503AF00C1927B /* StatementRequest.swift in Sources */,
				156570BD2455F0F000C1927B /* String+Extensions.swift in Sources */,
				15660EA724512F7A007C1B41 /* ServiceProtocol.swift in Sources */,
				15660E8524510DCE007C1B41 /* Connectivity.swift in Sources */,
				15657072245293FD00C1927B /* LoginViewControllerDelegate.swift in Sources */,
				156570C42456101500C1927B /* TegKeychainConstants.swift in Sources */,
				1500F3E024842B9200AF08F7 /* LoginViewProtocol.swift in Sources */,
				15660EAA245139AE007C1B41 /* LoginViewController.swift in Sources */,
				156570C22455FA2400C1927B /* KeychainSwiftAccessOptions.swift in Sources */,
				15660E7A24510B49007C1B41 /* R.generated.swift in Sources */,
				156570B72455C33A00C1927B /* StatementRouter.swift in Sources */,
				156570A92454DD8A00C1927B /* TableViewItem.swift in Sources */,
				15660E9A24511B0B007C1B41 /* URLs.swift in Sources */,
				1565707424529B7300C1927B /* LoginRouter.swift in Sources */,
				15660E98245116BD007C1B41 /* ResponseError.swift in Sources */,
				15657069245280C000C1927B /* String+Validations.swift in Sources */,
				15660E8F24510EF4007C1B41 /* ResponseStatus.swift in Sources */,
				1500F3DE24842B7900AF08F7 /* LoginViewModelProtocol.swift in Sources */,
				156570922454830000C1927B /* StatementFactory.swift in Sources */,
				15660E7724510923007C1B41 /* AppDelegate+Methods.swift in Sources */,
				156570672452802A00C1927B /* StringValidator.swift in Sources */,
				15660E93245115DD007C1B41 /* BaseNetworkError.swift in Sources */,
				1565709F24548D0400C1927B /* UITableView+Reusable.swift in Sources */,
				15660E8824510E5E007C1B41 /* RequestMethod.swift in Sources */,
				1500F3C024834B5E00AF08F7 /* StatementViewProtocol.swift in Sources */,
				1565707E2453071F00C1927B /* StatementViewModel.swift in Sources */,
				15660E9E24511BD8007C1B41 /* RequestProtocol.swift in Sources */,
				156570AB2454DE0700C1927B /* StatementFactoryState.swift in Sources */,
				156570A72454DD8000C1927B /* TableViewDataSource.swift in Sources */,
				156570C9245611C700C1927B /* Storage.swift in Sources */,
				156570A224548D5C00C1927B /* Identifiable.swift in Sources */,
				15660E8A24510E7A007C1B41 /* Result.swift in Sources */,
				1565705A24525DFB00C1927B /* KeyboardAnchorManager.swift in Sources */,
				1500F3C224834B8C00AF08F7 /* StatementViewModelProtocol.swift in Sources */,
				1565706524527FEB00C1927B /* CPFEmailValidator.swift in Sources */,
				156570882453C3D200C1927B /* AppFont.swift in Sources */,
				15660E962451164B007C1B41 /* User.swift in Sources */,
				1565705C24525E0B00C1927B /* KeyboardManagerBuilder.swift in Sources */,
				15660EB724513EDC007C1B41 /* ViewCodeProtocol.swift in Sources */,
				15660E91245111BE007C1B41 /* NetworkCore.swift in Sources */,
				15660EB424513B1E007C1B41 /* LoginService.swift in Sources */,
				15660EA124511C59007C1B41 /* APIRequest.swift in Sources */,
				1565705F24525E5400C1927B /* KeyboardConfiguration.swift in Sources */,
				15660EB024513A27007C1B41 /* LoginView.swift in Sources */,
				1565704A245244F200C1927B /* AppColors.swift in Sources */,
				15660E8D24510EDE007C1B41 /* NetworkErrorProtocol.swift in Sources */,
				156570C02455F9C400C1927B /* KeychainSwift.swift in Sources */,
				156570942454830C00C1927B /* StatementCellBuilder.swift in Sources */,
				15660EB224513A6C007C1B41 /* LoginViewModel.swift in Sources */,
			);
			runOnlyForDeploymentPostprocessing = 0;
		};
		15660E4E2450FCEC007C1B41 /* Sources */ = {
			isa = PBXSourcesBuildPhase;
			buildActionMask = 2147483647;
			files = (
				156570D124564B4B00C1927B /* LoginViewControllerSpec.swift in Sources */,
				156570F52457D1FB00C1927B /* NetworkCoreMock.swift in Sources */,
				1500F3DC2484276200AF08F7 /* LoginViewModelMock.swift in Sources */,
				156570D92456557500C1927B /* LoginModelMock.swift in Sources */,
				1565710B2457F77000C1927B /* StatementViewControllerSpec.swift in Sources */,
				1500F3D92484270700AF08F7 /* LoginViewSpec.swift in Sources */,
				156570FD2457DADC00C1927B /* TableViewDataSourceSpec.swift in Sources */,
				156570D724564F6B00C1927B /* LoginViewModelSpec.swift in Sources */,
				156570EE245689F400C1927B /* ResponseStatusSpec.swift in Sources */,
				1500F3C4248350CE00AF08F7 /* StatementViewSpec.swift in Sources */,
				156570F12457C21100C1927B /* LoginServiceSpec.swift in Sources */,
				156570E0245678DF00C1927B /* ResultSpec.swift in Sources */,
				1500F3D524841E9500AF08F7 /* PasswordValidatiorSpec.swift in Sources */,
				156570EC2456810C00C1927B /* StringValidationSpec.swift in Sources */,
				1565710E2457FAEC00C1927B /* StatementServiceSpec.swift in Sources */,
				1500F3CD2483FE9600AF08F7 /* StatementRequestSpec.swift in Sources */,
				156571052457DE2A00C1927B /* UIViewcontrollerExtensionsSpec.swift in Sources */,
				156570E924567E9700C1927B /* FloatExtensionsSpec.swift in Sources */,
				156570E32456795900C1927B /* NetworkErrorMock.swift in Sources */,
				156571012457DBA000C1927B /* MockTableView.swift in Sources */,
				156571092457E9C400C1927B /* StatementMock.swift in Sources */,
				156570F32457D1BB00C1927B /* Result+Nimble.swift in Sources */,
				1500F3C72483512D00AF08F7 /* StatementViewModelMock.swift in Sources */,
				156571072457E73D00C1927B /* StatementViewModelSpec.swift in Sources */,
				1500F3C92483EBB500AF08F7 /* StatementCellBuilderSpec.swift in Sources */,
				156570FF2457DB4E00C1927B /* MockTableViewSection.swift in Sources */,
				1500F3D0248401FF00AF08F7 /* RequestMethodSpec.swift in Sources */,
				1500F3CB2483F5A000AF08F7 /* StatementTableViewCellSpec.swift in Sources */,
				1500F3D32484107800AF08F7 /* CPFEmailValidatorSpec.swift in Sources */,
				156570F82457D3B300C1927B /* LoginRequestSpec.swift in Sources */,
				156571032457DBC800C1927B /* MockTableViewCellBuilder.swift in Sources */,
				156570E724567CAD00C1927B /* StringExtensionsSpec.swift in Sources */,
			);
			runOnlyForDeploymentPostprocessing = 0;
		};
		15660E592450FCEC007C1B41 /* Sources */ = {
			isa = PBXSourcesBuildPhase;
			buildActionMask = 2147483647;
			files = (
				15660E622450FCEC007C1B41 /* TestiOS2UITests.swift in Sources */,
			);
			runOnlyForDeploymentPostprocessing = 0;
		};
/* End PBXSourcesBuildPhase section */

/* Begin PBXTargetDependency section */
		15660E542450FCEC007C1B41 /* PBXTargetDependency */ = {
			isa = PBXTargetDependency;
			target = 15660E3B2450FCEB007C1B41 /* TestiOS2 */;
			targetProxy = 15660E532450FCEC007C1B41 /* PBXContainerItemProxy */;
		};
		15660E5F2450FCEC007C1B41 /* PBXTargetDependency */ = {
			isa = PBXTargetDependency;
			target = 15660E3B2450FCEB007C1B41 /* TestiOS2 */;
			targetProxy = 15660E5E2450FCEC007C1B41 /* PBXContainerItemProxy */;
		};
/* End PBXTargetDependency section */

/* Begin PBXVariantGroup section */
		15660E4A2450FCEC007C1B41 /* LaunchScreen.storyboard */ = {
			isa = PBXVariantGroup;
			children = (
				15660E4B2450FCEC007C1B41 /* Base */,
			);
			name = LaunchScreen.storyboard;
			sourceTree = "<group>";
		};
/* End PBXVariantGroup section */

/* Begin XCBuildConfiguration section */
		15660E642450FCEC007C1B41 /* Debug */ = {
			isa = XCBuildConfiguration;
			buildSettings = {
				ALWAYS_SEARCH_USER_PATHS = NO;
				CLANG_ANALYZER_NONNULL = YES;
				CLANG_ANALYZER_NUMBER_OBJECT_CONVERSION = YES_AGGRESSIVE;
				CLANG_CXX_LANGUAGE_STANDARD = "gnu++14";
				CLANG_CXX_LIBRARY = "libc++";
				CLANG_ENABLE_MODULES = YES;
				CLANG_ENABLE_OBJC_ARC = YES;
				CLANG_ENABLE_OBJC_WEAK = YES;
				CLANG_WARN_BLOCK_CAPTURE_AUTORELEASING = YES;
				CLANG_WARN_BOOL_CONVERSION = YES;
				CLANG_WARN_COMMA = YES;
				CLANG_WARN_CONSTANT_CONVERSION = YES;
				CLANG_WARN_DEPRECATED_OBJC_IMPLEMENTATIONS = YES;
				CLANG_WARN_DIRECT_OBJC_ISA_USAGE = YES_ERROR;
				CLANG_WARN_DOCUMENTATION_COMMENTS = YES;
				CLANG_WARN_EMPTY_BODY = YES;
				CLANG_WARN_ENUM_CONVERSION = YES;
				CLANG_WARN_INFINITE_RECURSION = YES;
				CLANG_WARN_INT_CONVERSION = YES;
				CLANG_WARN_NON_LITERAL_NULL_CONVERSION = YES;
				CLANG_WARN_OBJC_IMPLICIT_RETAIN_SELF = YES;
				CLANG_WARN_OBJC_LITERAL_CONVERSION = YES;
				CLANG_WARN_OBJC_ROOT_CLASS = YES_ERROR;
				CLANG_WARN_RANGE_LOOP_ANALYSIS = YES;
				CLANG_WARN_STRICT_PROTOTYPES = YES;
				CLANG_WARN_SUSPICIOUS_MOVE = YES;
				CLANG_WARN_UNGUARDED_AVAILABILITY = YES_AGGRESSIVE;
				CLANG_WARN_UNREACHABLE_CODE = YES;
				CLANG_WARN__DUPLICATE_METHOD_MATCH = YES;
				COPY_PHASE_STRIP = NO;
				DEBUG_INFORMATION_FORMAT = dwarf;
				ENABLE_STRICT_OBJC_MSGSEND = YES;
				ENABLE_TESTABILITY = YES;
				GCC_C_LANGUAGE_STANDARD = gnu11;
				GCC_DYNAMIC_NO_PIC = NO;
				GCC_NO_COMMON_BLOCKS = YES;
				GCC_OPTIMIZATION_LEVEL = 0;
				GCC_PREPROCESSOR_DEFINITIONS = (
					"DEBUG=1",
					"$(inherited)",
				);
				GCC_WARN_64_TO_32_BIT_CONVERSION = YES;
				GCC_WARN_ABOUT_RETURN_TYPE = YES_ERROR;
				GCC_WARN_UNDECLARED_SELECTOR = YES;
				GCC_WARN_UNINITIALIZED_AUTOS = YES_AGGRESSIVE;
				GCC_WARN_UNUSED_FUNCTION = YES;
				GCC_WARN_UNUSED_VARIABLE = YES;
				IPHONEOS_DEPLOYMENT_TARGET = 13.4;
				MTL_ENABLE_DEBUG_INFO = INCLUDE_SOURCE;
				MTL_FAST_MATH = YES;
				ONLY_ACTIVE_ARCH = YES;
				SDKROOT = iphoneos;
				SWIFT_ACTIVE_COMPILATION_CONDITIONS = DEBUG;
				SWIFT_OPTIMIZATION_LEVEL = "-Onone";
			};
			name = Debug;
		};
		15660E652450FCEC007C1B41 /* Release */ = {
			isa = XCBuildConfiguration;
			buildSettings = {
				ALWAYS_SEARCH_USER_PATHS = NO;
				CLANG_ANALYZER_NONNULL = YES;
				CLANG_ANALYZER_NUMBER_OBJECT_CONVERSION = YES_AGGRESSIVE;
				CLANG_CXX_LANGUAGE_STANDARD = "gnu++14";
				CLANG_CXX_LIBRARY = "libc++";
				CLANG_ENABLE_MODULES = YES;
				CLANG_ENABLE_OBJC_ARC = YES;
				CLANG_ENABLE_OBJC_WEAK = YES;
				CLANG_WARN_BLOCK_CAPTURE_AUTORELEASING = YES;
				CLANG_WARN_BOOL_CONVERSION = YES;
				CLANG_WARN_COMMA = YES;
				CLANG_WARN_CONSTANT_CONVERSION = YES;
				CLANG_WARN_DEPRECATED_OBJC_IMPLEMENTATIONS = YES;
				CLANG_WARN_DIRECT_OBJC_ISA_USAGE = YES_ERROR;
				CLANG_WARN_DOCUMENTATION_COMMENTS = YES;
				CLANG_WARN_EMPTY_BODY = YES;
				CLANG_WARN_ENUM_CONVERSION = YES;
				CLANG_WARN_INFINITE_RECURSION = YES;
				CLANG_WARN_INT_CONVERSION = YES;
				CLANG_WARN_NON_LITERAL_NULL_CONVERSION = YES;
				CLANG_WARN_OBJC_IMPLICIT_RETAIN_SELF = YES;
				CLANG_WARN_OBJC_LITERAL_CONVERSION = YES;
				CLANG_WARN_OBJC_ROOT_CLASS = YES_ERROR;
				CLANG_WARN_RANGE_LOOP_ANALYSIS = YES;
				CLANG_WARN_STRICT_PROTOTYPES = YES;
				CLANG_WARN_SUSPICIOUS_MOVE = YES;
				CLANG_WARN_UNGUARDED_AVAILABILITY = YES_AGGRESSIVE;
				CLANG_WARN_UNREACHABLE_CODE = YES;
				CLANG_WARN__DUPLICATE_METHOD_MATCH = YES;
				COPY_PHASE_STRIP = NO;
				DEBUG_INFORMATION_FORMAT = "dwarf-with-dsym";
				ENABLE_NS_ASSERTIONS = NO;
				ENABLE_STRICT_OBJC_MSGSEND = YES;
				GCC_C_LANGUAGE_STANDARD = gnu11;
				GCC_NO_COMMON_BLOCKS = YES;
				GCC_WARN_64_TO_32_BIT_CONVERSION = YES;
				GCC_WARN_ABOUT_RETURN_TYPE = YES_ERROR;
				GCC_WARN_UNDECLARED_SELECTOR = YES;
				GCC_WARN_UNINITIALIZED_AUTOS = YES_AGGRESSIVE;
				GCC_WARN_UNUSED_FUNCTION = YES;
				GCC_WARN_UNUSED_VARIABLE = YES;
				IPHONEOS_DEPLOYMENT_TARGET = 13.4;
				MTL_ENABLE_DEBUG_INFO = NO;
				MTL_FAST_MATH = YES;
				SDKROOT = iphoneos;
				SWIFT_COMPILATION_MODE = wholemodule;
				SWIFT_OPTIMIZATION_LEVEL = "-O";
				VALIDATE_PRODUCT = YES;
			};
			name = Release;
		};
		15660E672450FCEC007C1B41 /* Debug */ = {
			isa = XCBuildConfiguration;
			baseConfigurationReference = E212C32D33AEDB0C7E25A752 /* Pods-TestiOS2.debug.xcconfig */;
			buildSettings = {
				ASSETCATALOG_COMPILER_APPICON_NAME = AppIcon;
				CODE_SIGN_STYLE = Automatic;
				DEVELOPMENT_TEAM = J2DA3YMRUV;
				INFOPLIST_FILE = TestiOS2/Resources/Info.plist;
				IPHONEOS_DEPLOYMENT_TARGET = 9.0;
				LD_RUNPATH_SEARCH_PATHS = (
					"$(inherited)",
					"@executable_path/Frameworks",
				);
				PRODUCT_BUNDLE_IDENTIFIER = testiosv2.rafael.bonini.com.TestiOS2;
				PRODUCT_NAME = "$(TARGET_NAME)";
				SWIFT_VERSION = 5.0;
				TARGETED_DEVICE_FAMILY = 1;
			};
			name = Debug;
		};
		15660E682450FCEC007C1B41 /* Release */ = {
			isa = XCBuildConfiguration;
			baseConfigurationReference = 6EBC1C82F4920D870BCCDC47 /* Pods-TestiOS2.release.xcconfig */;
			buildSettings = {
				ASSETCATALOG_COMPILER_APPICON_NAME = AppIcon;
				CODE_SIGN_STYLE = Automatic;
				DEVELOPMENT_TEAM = J2DA3YMRUV;
				INFOPLIST_FILE = TestiOS2/Resources/Info.plist;
				IPHONEOS_DEPLOYMENT_TARGET = 9.0;
				LD_RUNPATH_SEARCH_PATHS = (
					"$(inherited)",
					"@executable_path/Frameworks",
				);
				PRODUCT_BUNDLE_IDENTIFIER = testiosv2.rafael.bonini.com.TestiOS2;
				PRODUCT_NAME = "$(TARGET_NAME)";
				SWIFT_VERSION = 5.0;
				TARGETED_DEVICE_FAMILY = 1;
			};
			name = Release;
		};
		15660E6A2450FCEC007C1B41 /* Debug */ = {
			isa = XCBuildConfiguration;
			baseConfigurationReference = 697FD5B87FBC0FF1A3319DBF /* Pods-TestiOS2Tests.debug.xcconfig */;
			buildSettings = {
				ALWAYS_EMBED_SWIFT_STANDARD_LIBRARIES = YES;
				BUNDLE_LOADER = "$(TEST_HOST)";
				CODE_SIGN_STYLE = Automatic;
				DEVELOPMENT_TEAM = J2DA3YMRUV;
				INFOPLIST_FILE = TestiOS2Tests/Info.plist;
				IPHONEOS_DEPLOYMENT_TARGET = 9.0;
				LD_RUNPATH_SEARCH_PATHS = (
					"$(inherited)",
					"@executable_path/Frameworks",
					"@loader_path/Frameworks",
				);
				PRODUCT_BUNDLE_IDENTIFIER = testiosv2.rafael.bonini.com.TestiOS2Tests;
				PRODUCT_NAME = "$(TARGET_NAME)";
				SWIFT_VERSION = 5.0;
				TARGETED_DEVICE_FAMILY = "1,2";
				TEST_HOST = "$(BUILT_PRODUCTS_DIR)/TestiOS2.app/TestiOS2";
			};
			name = Debug;
		};
		15660E6B2450FCEC007C1B41 /* Release */ = {
			isa = XCBuildConfiguration;
			baseConfigurationReference = 66C128FBA8E8C25FC81F69E9 /* Pods-TestiOS2Tests.release.xcconfig */;
			buildSettings = {
				ALWAYS_EMBED_SWIFT_STANDARD_LIBRARIES = YES;
				BUNDLE_LOADER = "$(TEST_HOST)";
				CODE_SIGN_STYLE = Automatic;
				DEVELOPMENT_TEAM = J2DA3YMRUV;
				INFOPLIST_FILE = TestiOS2Tests/Info.plist;
				IPHONEOS_DEPLOYMENT_TARGET = 9.0;
				LD_RUNPATH_SEARCH_PATHS = (
					"$(inherited)",
					"@executable_path/Frameworks",
					"@loader_path/Frameworks",
				);
				PRODUCT_BUNDLE_IDENTIFIER = testiosv2.rafael.bonini.com.TestiOS2Tests;
				PRODUCT_NAME = "$(TARGET_NAME)";
				SWIFT_VERSION = 5.0;
				TARGETED_DEVICE_FAMILY = "1,2";
				TEST_HOST = "$(BUILT_PRODUCTS_DIR)/TestiOS2.app/TestiOS2";
			};
			name = Release;
		};
		15660E6D2450FCEC007C1B41 /* Debug */ = {
			isa = XCBuildConfiguration;
			buildSettings = {
				ALWAYS_EMBED_SWIFT_STANDARD_LIBRARIES = YES;
				CODE_SIGN_STYLE = Automatic;
				DEVELOPMENT_TEAM = J2DA3YMRUV;
				INFOPLIST_FILE = TestiOS2UITests/Info.plist;
				LD_RUNPATH_SEARCH_PATHS = (
					"$(inherited)",
					"@executable_path/Frameworks",
					"@loader_path/Frameworks",
				);
				PRODUCT_BUNDLE_IDENTIFIER = testiosv2.rafael.bonini.com.TestiOS2UITests;
				PRODUCT_NAME = "$(TARGET_NAME)";
				SWIFT_VERSION = 5.0;
				TARGETED_DEVICE_FAMILY = "1,2";
				TEST_TARGET_NAME = TestiOS2;
			};
			name = Debug;
		};
		15660E6E2450FCEC007C1B41 /* Release */ = {
			isa = XCBuildConfiguration;
			buildSettings = {
				ALWAYS_EMBED_SWIFT_STANDARD_LIBRARIES = YES;
				CODE_SIGN_STYLE = Automatic;
				DEVELOPMENT_TEAM = J2DA3YMRUV;
				INFOPLIST_FILE = TestiOS2UITests/Info.plist;
				LD_RUNPATH_SEARCH_PATHS = (
					"$(inherited)",
					"@executable_path/Frameworks",
					"@loader_path/Frameworks",
				);
				PRODUCT_BUNDLE_IDENTIFIER = testiosv2.rafael.bonini.com.TestiOS2UITests;
				PRODUCT_NAME = "$(TARGET_NAME)";
				SWIFT_VERSION = 5.0;
				TARGETED_DEVICE_FAMILY = "1,2";
				TEST_TARGET_NAME = TestiOS2;
			};
			name = Release;
		};
/* End XCBuildConfiguration section */

/* Begin XCConfigurationList section */
		15660E372450FCEB007C1B41 /* Build configuration list for PBXProject "TestiOS2" */ = {
			isa = XCConfigurationList;
			buildConfigurations = (
				15660E642450FCEC007C1B41 /* Debug */,
				15660E652450FCEC007C1B41 /* Release */,
			);
			defaultConfigurationIsVisible = 0;
			defaultConfigurationName = Release;
		};
		15660E662450FCEC007C1B41 /* Build configuration list for PBXNativeTarget "TestiOS2" */ = {
			isa = XCConfigurationList;
			buildConfigurations = (
				15660E672450FCEC007C1B41 /* Debug */,
				15660E682450FCEC007C1B41 /* Release */,
			);
			defaultConfigurationIsVisible = 0;
			defaultConfigurationName = Release;
		};
		15660E692450FCEC007C1B41 /* Build configuration list for PBXNativeTarget "TestiOS2Tests" */ = {
			isa = XCConfigurationList;
			buildConfigurations = (
				15660E6A2450FCEC007C1B41 /* Debug */,
				15660E6B2450FCEC007C1B41 /* Release */,
			);
			defaultConfigurationIsVisible = 0;
			defaultConfigurationName = Release;
		};
		15660E6C2450FCEC007C1B41 /* Build configuration list for PBXNativeTarget "TestiOS2UITests" */ = {
			isa = XCConfigurationList;
			buildConfigurations = (
				15660E6D2450FCEC007C1B41 /* Debug */,
				15660E6E2450FCEC007C1B41 /* Release */,
			);
			defaultConfigurationIsVisible = 0;
			defaultConfigurationName = Release;
		};
/* End XCConfigurationList section */
	};
	rootObject = 15660E342450FCEB007C1B41 /* Project object */;
}
