// !$*UTF8*$!
{
	archiveVersion = 1;
	classes = {
	};
	objectVersion = 50;
	objects = {

/* Begin PBXBuildFile section */
		156570462452420300C1927B /* Localizable.strings in Resources */ = {isa = PBXBuildFile; fileRef = 156570452452420300C1927B /* Localizable.strings */; };
		15660E402450FCEB007C1B41 /* AppDelegate.swift in Sources */ = {isa = PBXBuildFile; fileRef = 15660E3F2450FCEB007C1B41 /* AppDelegate.swift */; };
		15660E422450FCEB007C1B41 /* SceneDelegate.swift in Sources */ = {isa = PBXBuildFile; fileRef = 15660E412450FCEB007C1B41 /* SceneDelegate.swift */; };
		15660E492450FCEC007C1B41 /* Assets.xcassets in Resources */ = {isa = PBXBuildFile; fileRef = 15660E482450FCEC007C1B41 /* Assets.xcassets */; };
		15660E4C2450FCEC007C1B41 /* LaunchScreen.storyboard in Resources */ = {isa = PBXBuildFile; fileRef = 15660E4A2450FCEC007C1B41 /* LaunchScreen.storyboard */; };
		15660E572450FCEC007C1B41 /* TestiOS2Tests.swift in Sources */ = {isa = PBXBuildFile; fileRef = 15660E562450FCEC007C1B41 /* TestiOS2Tests.swift */; };
		15660E622450FCEC007C1B41 /* TestiOS2UITests.swift in Sources */ = {isa = PBXBuildFile; fileRef = 15660E612450FCEC007C1B41 /* TestiOS2UITests.swift */; };
		15660E7724510923007C1B41 /* SceneDelegate+Methods.swift in Sources */ = {isa = PBXBuildFile; fileRef = 15660E7624510923007C1B41 /* SceneDelegate+Methods.swift */; };
		15660E7A24510B49007C1B41 /* R.generated.swift in Sources */ = {isa = PBXBuildFile; fileRef = 15660E7924510B49007C1B41 /* R.generated.swift */; };
		15660E8524510DCE007C1B41 /* Connectivity.swift in Sources */ = {isa = PBXBuildFile; fileRef = 15660E8424510DCE007C1B41 /* Connectivity.swift */; };
		15660E8824510E5E007C1B41 /* Method.swift in Sources */ = {isa = PBXBuildFile; fileRef = 15660E8724510E5E007C1B41 /* Method.swift */; };
		15660E8A24510E7A007C1B41 /* Result.swift in Sources */ = {isa = PBXBuildFile; fileRef = 15660E8924510E7A007C1B41 /* Result.swift */; };
		15660E8D24510EDE007C1B41 /* NetworkErrorProtocol.swift in Sources */ = {isa = PBXBuildFile; fileRef = 15660E8C24510EDE007C1B41 /* NetworkErrorProtocol.swift */; };
		15660E8F24510EF4007C1B41 /* ResponseStatus.swift in Sources */ = {isa = PBXBuildFile; fileRef = 15660E8E24510EF4007C1B41 /* ResponseStatus.swift */; };
		15660E91245111BE007C1B41 /* NetworkCore.swift in Sources */ = {isa = PBXBuildFile; fileRef = 15660E90245111BE007C1B41 /* NetworkCore.swift */; };
		15660E93245115DD007C1B41 /* BaseNetworkError.swift in Sources */ = {isa = PBXBuildFile; fileRef = 15660E92245115DD007C1B41 /* BaseNetworkError.swift */; };
		15660E962451164B007C1B41 /* User.swift in Sources */ = {isa = PBXBuildFile; fileRef = 15660E952451164B007C1B41 /* User.swift */; };
		15660E98245116BD007C1B41 /* ResponseError.swift in Sources */ = {isa = PBXBuildFile; fileRef = 15660E97245116BD007C1B41 /* ResponseError.swift */; };
		15660E9A24511B0B007C1B41 /* URLs.swift in Sources */ = {isa = PBXBuildFile; fileRef = 15660E9924511B0B007C1B41 /* URLs.swift */; };
		15660E9E24511BD8007C1B41 /* RequestProtocol.swift in Sources */ = {isa = PBXBuildFile; fileRef = 15660E9D24511BD8007C1B41 /* RequestProtocol.swift */; };
		15660EA124511C59007C1B41 /* APIRequest.swift in Sources */ = {isa = PBXBuildFile; fileRef = 15660EA024511C59007C1B41 /* APIRequest.swift */; };
		15660EA324512D74007C1B41 /* LoginRequest.swift in Sources */ = {isa = PBXBuildFile; fileRef = 15660EA224512D74007C1B41 /* LoginRequest.swift */; };
		15660EA724512F7A007C1B41 /* ServiceProtocol.swift in Sources */ = {isa = PBXBuildFile; fileRef = 15660EA624512F7A007C1B41 /* ServiceProtocol.swift */; };
		15660EAA245139AE007C1B41 /* LoginViewController.swift in Sources */ = {isa = PBXBuildFile; fileRef = 15660EA9245139AE007C1B41 /* LoginViewController.swift */; };
		15660EB024513A27007C1B41 /* LoginView.swift in Sources */ = {isa = PBXBuildFile; fileRef = 15660EAF24513A27007C1B41 /* LoginView.swift */; };
		15660EB224513A6C007C1B41 /* LoginViewModel.swift in Sources */ = {isa = PBXBuildFile; fileRef = 15660EB124513A6C007C1B41 /* LoginViewModel.swift */; };
		15660EB424513B1E007C1B41 /* LoginService.swift in Sources */ = {isa = PBXBuildFile; fileRef = 15660EB324513B1E007C1B41 /* LoginService.swift */; };
		15660EB724513EDC007C1B41 /* ViewCodeProtocol.swift in Sources */ = {isa = PBXBuildFile; fileRef = 15660EB624513EDC007C1B41 /* ViewCodeProtocol.swift */; };
		56CA654CBC7F66E7CCE39291 /* libPods-TestiOS2.a in Frameworks */ = {isa = PBXBuildFile; fileRef = 13871F9149DA53A56E75B177 /* libPods-TestiOS2.a */; };
		9D233EEBBE254EAF6DA3353E /* libPods-TestiOS2Tests.a in Frameworks */ = {isa = PBXBuildFile; fileRef = 5E9CA4FAAF6109D1EDB1931A /* libPods-TestiOS2Tests.a */; };
/* End PBXBuildFile section */

/* Begin PBXContainerItemProxy section */
		15660E532450FCEC007C1B41 /* PBXContainerItemProxy */ = {
			isa = PBXContainerItemProxy;
			containerPortal = 15660E342450FCEB007C1B41 /* Project object */;
			proxyType = 1;
			remoteGlobalIDString = 15660E3B2450FCEB007C1B41;
			remoteInfo = TestiOS2;
		};
		15660E5E2450FCEC007C1B41 /* PBXContainerItemProxy */ = {
			isa = PBXContainerItemProxy;
			containerPortal = 15660E342450FCEB007C1B41 /* Project object */;
			proxyType = 1;
			remoteGlobalIDString = 15660E3B2450FCEB007C1B41;
			remoteInfo = TestiOS2;
		};
/* End PBXContainerItemProxy section */

/* Begin PBXFileReference section */
		13871F9149DA53A56E75B177 /* libPods-TestiOS2.a */ = {isa = PBXFileReference; explicitFileType = archive.ar; includeInIndex = 0; path = "libPods-TestiOS2.a"; sourceTree = BUILT_PRODUCTS_DIR; };
		156570452452420300C1927B /* Localizable.strings */ = {isa = PBXFileReference; lastKnownFileType = text.plist.strings; path = Localizable.strings; sourceTree = "<group>"; };
		15660E3C2450FCEB007C1B41 /* TestiOS2.app */ = {isa = PBXFileReference; explicitFileType = wrapper.application; includeInIndex = 0; path = TestiOS2.app; sourceTree = BUILT_PRODUCTS_DIR; };
		15660E3F2450FCEB007C1B41 /* AppDelegate.swift */ = {isa = PBXFileReference; lastKnownFileType = sourcecode.swift; path = AppDelegate.swift; sourceTree = "<group>"; };
		15660E412450FCEB007C1B41 /* SceneDelegate.swift */ = {isa = PBXFileReference; lastKnownFileType = sourcecode.swift; path = SceneDelegate.swift; sourceTree = "<group>"; };
		15660E482450FCEC007C1B41 /* Assets.xcassets */ = {isa = PBXFileReference; lastKnownFileType = folder.assetcatalog; path = Assets.xcassets; sourceTree = "<group>"; };
		15660E4B2450FCEC007C1B41 /* Base */ = {isa = PBXFileReference; lastKnownFileType = file.storyboard; name = Base; path = Base.lproj/LaunchScreen.storyboard; sourceTree = "<group>"; };
		15660E4D2450FCEC007C1B41 /* Info.plist */ = {isa = PBXFileReference; lastKnownFileType = text.plist.xml; path = Info.plist; sourceTree = "<group>"; };
		15660E522450FCEC007C1B41 /* TestiOS2Tests.xctest */ = {isa = PBXFileReference; explicitFileType = wrapper.cfbundle; includeInIndex = 0; path = TestiOS2Tests.xctest; sourceTree = BUILT_PRODUCTS_DIR; };
		15660E562450FCEC007C1B41 /* TestiOS2Tests.swift */ = {isa = PBXFileReference; lastKnownFileType = sourcecode.swift; path = TestiOS2Tests.swift; sourceTree = "<group>"; };
		15660E582450FCEC007C1B41 /* Info.plist */ = {isa = PBXFileReference; lastKnownFileType = text.plist.xml; path = Info.plist; sourceTree = "<group>"; };
		15660E5D2450FCEC007C1B41 /* TestiOS2UITests.xctest */ = {isa = PBXFileReference; explicitFileType = wrapper.cfbundle; includeInIndex = 0; path = TestiOS2UITests.xctest; sourceTree = BUILT_PRODUCTS_DIR; };
		15660E612450FCEC007C1B41 /* TestiOS2UITests.swift */ = {isa = PBXFileReference; lastKnownFileType = sourcecode.swift; path = TestiOS2UITests.swift; sourceTree = "<group>"; };
		15660E632450FCEC007C1B41 /* Info.plist */ = {isa = PBXFileReference; lastKnownFileType = text.plist.xml; path = Info.plist; sourceTree = "<group>"; };
		15660E7624510923007C1B41 /* SceneDelegate+Methods.swift */ = {isa = PBXFileReference; lastKnownFileType = sourcecode.swift; path = "SceneDelegate+Methods.swift"; sourceTree = "<group>"; };
		15660E7924510B49007C1B41 /* R.generated.swift */ = {isa = PBXFileReference; fileEncoding = 4; lastKnownFileType = sourcecode.swift; path = R.generated.swift; sourceTree = SOURCE_ROOT; };
		15660E8424510DCE007C1B41 /* Connectivity.swift */ = {isa = PBXFileReference; lastKnownFileType = sourcecode.swift; path = Connectivity.swift; sourceTree = "<group>"; };
		15660E8724510E5E007C1B41 /* Method.swift */ = {isa = PBXFileReference; lastKnownFileType = sourcecode.swift; path = Method.swift; sourceTree = "<group>"; };
		15660E8924510E7A007C1B41 /* Result.swift */ = {isa = PBXFileReference; lastKnownFileType = sourcecode.swift; path = Result.swift; sourceTree = "<group>"; };
		15660E8C24510EDE007C1B41 /* NetworkErrorProtocol.swift */ = {isa = PBXFileReference; lastKnownFileType = sourcecode.swift; path = NetworkErrorProtocol.swift; sourceTree = "<group>"; };
		15660E8E24510EF4007C1B41 /* ResponseStatus.swift */ = {isa = PBXFileReference; lastKnownFileType = sourcecode.swift; path = ResponseStatus.swift; sourceTree = "<group>"; };
		15660E90245111BE007C1B41 /* NetworkCore.swift */ = {isa = PBXFileReference; lastKnownFileType = sourcecode.swift; path = NetworkCore.swift; sourceTree = "<group>"; };
		15660E92245115DD007C1B41 /* BaseNetworkError.swift */ = {isa = PBXFileReference; lastKnownFileType = sourcecode.swift; path = BaseNetworkError.swift; sourceTree = "<group>"; };
		15660E952451164B007C1B41 /* User.swift */ = {isa = PBXFileReference; lastKnownFileType = sourcecode.swift; path = User.swift; sourceTree = "<group>"; };
		15660E97245116BD007C1B41 /* ResponseError.swift */ = {isa = PBXFileReference; lastKnownFileType = sourcecode.swift; path = ResponseError.swift; sourceTree = "<group>"; };
		15660E9924511B0B007C1B41 /* URLs.swift */ = {isa = PBXFileReference; lastKnownFileType = sourcecode.swift; path = URLs.swift; sourceTree = "<group>"; };
		15660E9D24511BD8007C1B41 /* RequestProtocol.swift */ = {isa = PBXFileReference; lastKnownFileType = sourcecode.swift; path = RequestProtocol.swift; sourceTree = "<group>"; };
		15660EA024511C59007C1B41 /* APIRequest.swift */ = {isa = PBXFileReference; lastKnownFileType = sourcecode.swift; path = APIRequest.swift; sourceTree = "<group>"; };
		15660EA224512D74007C1B41 /* LoginRequest.swift */ = {isa = PBXFileReference; lastKnownFileType = sourcecode.swift; path = LoginRequest.swift; sourceTree = "<group>"; };
		15660EA624512F7A007C1B41 /* ServiceProtocol.swift */ = {isa = PBXFileReference; lastKnownFileType = sourcecode.swift; path = ServiceProtocol.swift; sourceTree = "<group>"; };
		15660EA9245139AE007C1B41 /* LoginViewController.swift */ = {isa = PBXFileReference; lastKnownFileType = sourcecode.swift; path = LoginViewController.swift; sourceTree = "<group>"; };
		15660EAF24513A27007C1B41 /* LoginView.swift */ = {isa = PBXFileReference; lastKnownFileType = sourcecode.swift; path = LoginView.swift; sourceTree = "<group>"; };
		15660EB124513A6C007C1B41 /* LoginViewModel.swift */ = {isa = PBXFileReference; lastKnownFileType = sourcecode.swift; path = LoginViewModel.swift; sourceTree = "<group>"; };
		15660EB324513B1E007C1B41 /* LoginService.swift */ = {isa = PBXFileReference; lastKnownFileType = sourcecode.swift; path = LoginService.swift; sourceTree = "<group>"; };
		15660EB624513EDC007C1B41 /* ViewCodeProtocol.swift */ = {isa = PBXFileReference; lastKnownFileType = sourcecode.swift; path = ViewCodeProtocol.swift; sourceTree = "<group>"; };
		5E9CA4FAAF6109D1EDB1931A /* libPods-TestiOS2Tests.a */ = {isa = PBXFileReference; explicitFileType = archive.ar; includeInIndex = 0; path = "libPods-TestiOS2Tests.a"; sourceTree = BUILT_PRODUCTS_DIR; };
		66C128FBA8E8C25FC81F69E9 /* Pods-TestiOS2Tests.release.xcconfig */ = {isa = PBXFileReference; includeInIndex = 1; lastKnownFileType = text.xcconfig; name = "Pods-TestiOS2Tests.release.xcconfig"; path = "Target Support Files/Pods-TestiOS2Tests/Pods-TestiOS2Tests.release.xcconfig"; sourceTree = "<group>"; };
		697FD5B87FBC0FF1A3319DBF /* Pods-TestiOS2Tests.debug.xcconfig */ = {isa = PBXFileReference; includeInIndex = 1; lastKnownFileType = text.xcconfig; name = "Pods-TestiOS2Tests.debug.xcconfig"; path = "Target Support Files/Pods-TestiOS2Tests/Pods-TestiOS2Tests.debug.xcconfig"; sourceTree = "<group>"; };
		6EBC1C82F4920D870BCCDC47 /* Pods-TestiOS2.release.xcconfig */ = {isa = PBXFileReference; includeInIndex = 1; lastKnownFileType = text.xcconfig; name = "Pods-TestiOS2.release.xcconfig"; path = "Target Support Files/Pods-TestiOS2/Pods-TestiOS2.release.xcconfig"; sourceTree = "<group>"; };
		E212C32D33AEDB0C7E25A752 /* Pods-TestiOS2.debug.xcconfig */ = {isa = PBXFileReference; includeInIndex = 1; lastKnownFileType = text.xcconfig; name = "Pods-TestiOS2.debug.xcconfig"; path = "Target Support Files/Pods-TestiOS2/Pods-TestiOS2.debug.xcconfig"; sourceTree = "<group>"; };
/* End PBXFileReference section */

/* Begin PBXFrameworksBuildPhase section */
		15660E392450FCEB007C1B41 /* Frameworks */ = {
			isa = PBXFrameworksBuildPhase;
			buildActionMask = 2147483647;
			files = (
				56CA654CBC7F66E7CCE39291 /* libPods-TestiOS2.a in Frameworks */,
			);
			runOnlyForDeploymentPostprocessing = 0;
		};
		15660E4F2450FCEC007C1B41 /* Frameworks */ = {
			isa = PBXFrameworksBuildPhase;
			buildActionMask = 2147483647;
			files = (
				9D233EEBBE254EAF6DA3353E /* libPods-TestiOS2Tests.a in Frameworks */,
			);
			runOnlyForDeploymentPostprocessing = 0;
		};
		15660E5A2450FCEC007C1B41 /* Frameworks */ = {
			isa = PBXFrameworksBuildPhase;
			buildActionMask = 2147483647;
			files = (
			);
			runOnlyForDeploymentPostprocessing = 0;
		};
/* End PBXFrameworksBuildPhase section */

/* Begin PBXGroup section */
		15660E332450FCEB007C1B41 = {
			isa = PBXGroup;
			children = (
				15660E3E2450FCEB007C1B41 /* TestiOS2 */,
				15660E552450FCEC007C1B41 /* TestiOS2Tests */,
				15660E602450FCEC007C1B41 /* TestiOS2UITests */,
				15660E3D2450FCEB007C1B41 /* Products */,
				37D86E87ADC7F6EF5F4C7BB8 /* Pods */,
				E8C51062FBCC0F7D17869D36 /* Frameworks */,
			);
			sourceTree = "<group>";
		};
		15660E3D2450FCEB007C1B41 /* Products */ = {
			isa = PBXGroup;
			children = (
				15660E3C2450FCEB007C1B41 /* TestiOS2.app */,
				15660E522450FCEC007C1B41 /* TestiOS2Tests.xctest */,
				15660E5D2450FCEC007C1B41 /* TestiOS2UITests.xctest */,
			);
			name = Products;
			sourceTree = "<group>";
		};
		15660E3E2450FCEB007C1B41 /* TestiOS2 */ = {
			isa = PBXGroup;
			children = (
				15660E7B24510C6F007C1B41 /* Network */,
				15660E6F245107F6007C1B41 /* Resources */,
				15660E7124510804007C1B41 /* Sources */,
			);
			path = TestiOS2;
			sourceTree = "<group>";
		};
		15660E552450FCEC007C1B41 /* TestiOS2Tests */ = {
			isa = PBXGroup;
			children = (
				15660E562450FCEC007C1B41 /* TestiOS2Tests.swift */,
				15660E582450FCEC007C1B41 /* Info.plist */,
			);
			path = TestiOS2Tests;
			sourceTree = "<group>";
		};
		15660E602450FCEC007C1B41 /* TestiOS2UITests */ = {
			isa = PBXGroup;
			children = (
				15660E612450FCEC007C1B41 /* TestiOS2UITests.swift */,
				15660E632450FCEC007C1B41 /* Info.plist */,
			);
			path = TestiOS2UITests;
			sourceTree = "<group>";
		};
		15660E6F245107F6007C1B41 /* Resources */ = {
			isa = PBXGroup;
			children = (
				15660E7924510B49007C1B41 /* R.generated.swift */,
				15660E482450FCEC007C1B41 /* Assets.xcassets */,
				15660E4A2450FCEC007C1B41 /* LaunchScreen.storyboard */,
				15660E4D2450FCEC007C1B41 /* Info.plist */,
				156570452452420300C1927B /* Localizable.strings */,
			);
			path = Resources;
			sourceTree = "<group>";
		};
		15660E7124510804007C1B41 /* Sources */ = {
			isa = PBXGroup;
			children = (
				15660E9B24511BC6007C1B41 /* Protocols */,
				15660E73245108CC007C1B41 /* Main */,
				15660E72245108C8007C1B41 /* Modules */,
			);
			path = Sources;
			sourceTree = "<group>";
		};
		15660E72245108C8007C1B41 /* Modules */ = {
			isa = PBXGroup;
			children = (
				15660EA824513996007C1B41 /* Login */,
			);
			path = Modules;
			sourceTree = "<group>";
		};
		15660E73245108CC007C1B41 /* Main */ = {
			isa = PBXGroup;
			children = (
				15660E74245108D3007C1B41 /* AppDelegate */,
			);
			path = Main;
			sourceTree = "<group>";
		};
		15660E74245108D3007C1B41 /* AppDelegate */ = {
			isa = PBXGroup;
			children = (
				15660E3F2450FCEB007C1B41 /* AppDelegate.swift */,
				15660E412450FCEB007C1B41 /* SceneDelegate.swift */,
				15660E7624510923007C1B41 /* SceneDelegate+Methods.swift */,
			);
			path = AppDelegate;
			sourceTree = "<group>";
		};
		15660E7B24510C6F007C1B41 /* Network */ = {
			isa = PBXGroup;
			children = (
				15660E7F24510C99007C1B41 /* Requests */,
				15660E7E24510C96007C1B41 /* Models */,
				15660E7D24510C8F007C1B41 /* Main */,
				15660E7C24510C8A007C1B41 /* Error */,
			);
			path = Network;
			sourceTree = "<group>";
		};
		15660E7C24510C8A007C1B41 /* Error */ = {
			isa = PBXGroup;
			children = (
				15660E8B24510ED0007C1B41 /* Protocol */,
				15660E92245115DD007C1B41 /* BaseNetworkError.swift */,
			);
			path = Error;
			sourceTree = "<group>";
		};
		15660E7D24510C8F007C1B41 /* Main */ = {
			isa = PBXGroup;
			children = (
				15660E9D24511BD8007C1B41 /* RequestProtocol.swift */,
				15660E8224510CE3007C1B41 /* URLs */,
				15660E8124510CD5007C1B41 /* Connectivity */,
				15660E8024510CCA007C1B41 /* APIRequest */,
				15660E8724510E5E007C1B41 /* Method.swift */,
				15660E8924510E7A007C1B41 /* Result.swift */,
				15660E8E24510EF4007C1B41 /* ResponseStatus.swift */,
				15660E90245111BE007C1B41 /* NetworkCore.swift */,
			);
			path = Main;
			sourceTree = "<group>";
		};
		15660E7E24510C96007C1B41 /* Models */ = {
			isa = PBXGroup;
			children = (
				15660E952451164B007C1B41 /* User.swift */,
				15660E97245116BD007C1B41 /* ResponseError.swift */,
			);
			path = Models;
			sourceTree = "<group>";
		};
		15660E7F24510C99007C1B41 /* Requests */ = {
			isa = PBXGroup;
			children = (
				15660E9424511624007C1B41 /* API */,
			);
			path = Requests;
			sourceTree = "<group>";
		};
		15660E8024510CCA007C1B41 /* APIRequest */ = {
			isa = PBXGroup;
			children = (
				15660EA024511C59007C1B41 /* APIRequest.swift */,
			);
			path = APIRequest;
			sourceTree = "<group>";
		};
		15660E8124510CD5007C1B41 /* Connectivity */ = {
			isa = PBXGroup;
			children = (
				15660E8424510DCE007C1B41 /* Connectivity.swift */,
			);
			path = Connectivity;
			sourceTree = "<group>";
		};
		15660E8224510CE3007C1B41 /* URLs */ = {
			isa = PBXGroup;
			children = (
				15660E9924511B0B007C1B41 /* URLs.swift */,
			);
			path = URLs;
			sourceTree = "<group>";
		};
		15660E8B24510ED0007C1B41 /* Protocol */ = {
			isa = PBXGroup;
			children = (
				15660E8C24510EDE007C1B41 /* NetworkErrorProtocol.swift */,
			);
			path = Protocol;
			sourceTree = "<group>";
		};
		15660E9424511624007C1B41 /* API */ = {
			isa = PBXGroup;
			children = (
				15660EA224512D74007C1B41 /* LoginRequest.swift */,
			);
			path = API;
			sourceTree = "<group>";
		};
		15660E9B24511BC6007C1B41 /* Protocols */ = {
			isa = PBXGroup;
			children = (
				15660EB524513ECF007C1B41 /* View */,
				15660E9C24511BCC007C1B41 /* Service */,
			);
			path = Protocols;
			sourceTree = "<group>";
		};
		15660E9C24511BCC007C1B41 /* Service */ = {
			isa = PBXGroup;
			children = (
				15660EA624512F7A007C1B41 /* ServiceProtocol.swift */,
			);
			path = Service;
			sourceTree = "<group>";
		};
		15660EA824513996007C1B41 /* Login */ = {
			isa = PBXGroup;
			children = (
				15660EA9245139AE007C1B41 /* LoginViewController.swift */,
				15660EAE245139CA007C1B41 /* Router */,
				15660EAB245139B7007C1B41 /* Service */,
				15660EAD245139C0007C1B41 /* View */,
				15660EAC245139BC007C1B41 /* ViewModel */,
			);
			path = Login;
			sourceTree = "<group>";
		};
		15660EAB245139B7007C1B41 /* Service */ = {
			isa = PBXGroup;
			children = (
				15660EB324513B1E007C1B41 /* LoginService.swift */,
			);
			path = Service;
			sourceTree = "<group>";
		};
		15660EAC245139BC007C1B41 /* ViewModel */ = {
			isa = PBXGroup;
			children = (
				15660EB124513A6C007C1B41 /* LoginViewModel.swift */,
			);
			path = ViewModel;
			sourceTree = "<group>";
		};
		15660EAD245139C0007C1B41 /* View */ = {
			isa = PBXGroup;
			children = (
				15660EAF24513A27007C1B41 /* LoginView.swift */,
			);
			path = View;
			sourceTree = "<group>";
		};
		15660EAE245139CA007C1B41 /* Router */ = {
			isa = PBXGroup;
			children = (
			);
			path = Router;
			sourceTree = "<group>";
		};
		15660EB524513ECF007C1B41 /* View */ = {
			isa = PBXGroup;
			children = (
				15660EB624513EDC007C1B41 /* ViewCodeProtocol.swift */,
			);
			path = View;
			sourceTree = "<group>";
		};
		37D86E87ADC7F6EF5F4C7BB8 /* Pods */ = {
			isa = PBXGroup;
			children = (
				E212C32D33AEDB0C7E25A752 /* Pods-TestiOS2.debug.xcconfig */,
				6EBC1C82F4920D870BCCDC47 /* Pods-TestiOS2.release.xcconfig */,
				697FD5B87FBC0FF1A3319DBF /* Pods-TestiOS2Tests.debug.xcconfig */,
				66C128FBA8E8C25FC81F69E9 /* Pods-TestiOS2Tests.release.xcconfig */,
			);
			path = Pods;
			sourceTree = "<group>";
		};
		E8C51062FBCC0F7D17869D36 /* Frameworks */ = {
			isa = PBXGroup;
			children = (
				13871F9149DA53A56E75B177 /* libPods-TestiOS2.a */,
				5E9CA4FAAF6109D1EDB1931A /* libPods-TestiOS2Tests.a */,
			);
			name = Frameworks;
			sourceTree = "<group>";
		};
/* End PBXGroup section */

/* Begin PBXNativeTarget section */
		15660E3B2450FCEB007C1B41 /* TestiOS2 */ = {
			isa = PBXNativeTarget;
			buildConfigurationList = 15660E662450FCEC007C1B41 /* Build configuration list for PBXNativeTarget "TestiOS2" */;
			buildPhases = (
				A0D49F7E1C0A8AB0D3B31E3F /* [CP] Check Pods Manifest.lock */,
				15660E7824510AF7007C1B41 /* RSwift */,
				15660E382450FCEB007C1B41 /* Sources */,
				15660E392450FCEB007C1B41 /* Frameworks */,
				15660E3A2450FCEB007C1B41 /* Resources */,
			);
			buildRules = (
			);
			dependencies = (
			);
			name = TestiOS2;
			productName = TestiOS2;
			productReference = 15660E3C2450FCEB007C1B41 /* TestiOS2.app */;
			productType = "com.apple.product-type.application";
		};
		15660E512450FCEC007C1B41 /* TestiOS2Tests */ = {
			isa = PBXNativeTarget;
			buildConfigurationList = 15660E692450FCEC007C1B41 /* Build configuration list for PBXNativeTarget "TestiOS2Tests" */;
			buildPhases = (
				8F6B36FBFBA615DC1AED0552 /* [CP] Check Pods Manifest.lock */,
				15660E4E2450FCEC007C1B41 /* Sources */,
				15660E4F2450FCEC007C1B41 /* Frameworks */,
				15660E502450FCEC007C1B41 /* Resources */,
			);
			buildRules = (
			);
			dependencies = (
				15660E542450FCEC007C1B41 /* PBXTargetDependency */,
			);
			name = TestiOS2Tests;
			productName = TestiOS2Tests;
			productReference = 15660E522450FCEC007C1B41 /* TestiOS2Tests.xctest */;
			productType = "com.apple.product-type.bundle.unit-test";
		};
		15660E5C2450FCEC007C1B41 /* TestiOS2UITests */ = {
			isa = PBXNativeTarget;
			buildConfigurationList = 15660E6C2450FCEC007C1B41 /* Build configuration list for PBXNativeTarget "TestiOS2UITests" */;
			buildPhases = (
				15660E592450FCEC007C1B41 /* Sources */,
				15660E5A2450FCEC007C1B41 /* Frameworks */,
				15660E5B2450FCEC007C1B41 /* Resources */,
			);
			buildRules = (
			);
			dependencies = (
				15660E5F2450FCEC007C1B41 /* PBXTargetDependency */,
			);
			name = TestiOS2UITests;
			productName = TestiOS2UITests;
			productReference = 15660E5D2450FCEC007C1B41 /* TestiOS2UITests.xctest */;
			productType = "com.apple.product-type.bundle.ui-testing";
		};
/* End PBXNativeTarget section */

/* Begin PBXProject section */
		15660E342450FCEB007C1B41 /* Project object */ = {
			isa = PBXProject;
			attributes = {
				LastSwiftUpdateCheck = 1140;
				LastUpgradeCheck = 1140;
				ORGANIZATIONNAME = "Rafael Bonini de Souza";
				TargetAttributes = {
					15660E3B2450FCEB007C1B41 = {
						CreatedOnToolsVersion = 11.4;
					};
					15660E512450FCEC007C1B41 = {
						CreatedOnToolsVersion = 11.4;
						TestTargetID = 15660E3B2450FCEB007C1B41;
					};
					15660E5C2450FCEC007C1B41 = {
						CreatedOnToolsVersion = 11.4;
						TestTargetID = 15660E3B2450FCEB007C1B41;
					};
				};
			};
			buildConfigurationList = 15660E372450FCEB007C1B41 /* Build configuration list for PBXProject "TestiOS2" */;
			compatibilityVersion = "Xcode 9.3";
			developmentRegion = en;
			hasScannedForEncodings = 0;
			knownRegions = (
				en,
				Base,
			);
			mainGroup = 15660E332450FCEB007C1B41;
			productRefGroup = 15660E3D2450FCEB007C1B41 /* Products */;
			projectDirPath = "";
			projectRoot = "";
			targets = (
				15660E3B2450FCEB007C1B41 /* TestiOS2 */,
				15660E512450FCEC007C1B41 /* TestiOS2Tests */,
				15660E5C2450FCEC007C1B41 /* TestiOS2UITests */,
			);
		};
/* End PBXProject section */

/* Begin PBXResourcesBuildPhase section */
		15660E3A2450FCEB007C1B41 /* Resources */ = {
			isa = PBXResourcesBuildPhase;
			buildActionMask = 2147483647;
			files = (
				15660E4C2450FCEC007C1B41 /* LaunchScreen.storyboard in Resources */,
				156570462452420300C1927B /* Localizable.strings in Resources */,
				15660E492450FCEC007C1B41 /* Assets.xcassets in Resources */,
			);
			runOnlyForDeploymentPostprocessing = 0;
		};
		15660E502450FCEC007C1B41 /* Resources */ = {
			isa = PBXResourcesBuildPhase;
			buildActionMask = 2147483647;
			files = (
			);
			runOnlyForDeploymentPostprocessing = 0;
		};
		15660E5B2450FCEC007C1B41 /* Resources */ = {
			isa = PBXResourcesBuildPhase;
			buildActionMask = 2147483647;
			files = (
			);
			runOnlyForDeploymentPostprocessing = 0;
		};
/* End PBXResourcesBuildPhase section */

/* Begin PBXShellScriptBuildPhase section */
		15660E7824510AF7007C1B41 /* RSwift */ = {
			isa = PBXShellScriptBuildPhase;
			buildActionMask = 2147483647;
			files = (
			);
			inputFileListPaths = (
			);
			inputPaths = (
				"$TEMP_DIR/rswift-lastrun",
			);
			name = RSwift;
			outputFileListPaths = (
			);
			outputPaths = (
				$SRCROOT/R.generated.swift,
			);
			runOnlyForDeploymentPostprocessing = 0;
			shellPath = /bin/sh;
			shellScript = "\"$PODS_ROOT/R.swift/rswift\" generate \"$SRCROOT/R.generated.swift\"\n";
		};
		8F6B36FBFBA615DC1AED0552 /* [CP] Check Pods Manifest.lock */ = {
			isa = PBXShellScriptBuildPhase;
			buildActionMask = 2147483647;
			files = (
			);
			inputFileListPaths = (
			);
			inputPaths = (
				"${PODS_PODFILE_DIR_PATH}/Podfile.lock",
				"${PODS_ROOT}/Manifest.lock",
			);
			name = "[CP] Check Pods Manifest.lock";
			outputFileListPaths = (
			);
			outputPaths = (
				"$(DERIVED_FILE_DIR)/Pods-TestiOS2Tests-checkManifestLockResult.txt",
			);
			runOnlyForDeploymentPostprocessing = 0;
			shellPath = /bin/sh;
			shellScript = "diff \"${PODS_PODFILE_DIR_PATH}/Podfile.lock\" \"${PODS_ROOT}/Manifest.lock\" > /dev/null\nif [ $? != 0 ] ; then\n    # print error to STDERR\n    echo \"error: The sandbox is not in sync with the Podfile.lock. Run 'pod install' or update your CocoaPods installation.\" >&2\n    exit 1\nfi\n# This output is used by Xcode 'outputs' to avoid re-running this script phase.\necho \"SUCCESS\" > \"${SCRIPT_OUTPUT_FILE_0}\"\n";
			showEnvVarsInLog = 0;
		};
		A0D49F7E1C0A8AB0D3B31E3F /* [CP] Check Pods Manifest.lock */ = {
			isa = PBXShellScriptBuildPhase;
			buildActionMask = 2147483647;
			files = (
			);
			inputFileListPaths = (
			);
			inputPaths = (
				"${PODS_PODFILE_DIR_PATH}/Podfile.lock",
				"${PODS_ROOT}/Manifest.lock",
			);
			name = "[CP] Check Pods Manifest.lock";
			outputFileListPaths = (
			);
			outputPaths = (
				"$(DERIVED_FILE_DIR)/Pods-TestiOS2-checkManifestLockResult.txt",
			);
			runOnlyForDeploymentPostprocessing = 0;
			shellPath = /bin/sh;
			shellScript = "diff \"${PODS_PODFILE_DIR_PATH}/Podfile.lock\" \"${PODS_ROOT}/Manifest.lock\" > /dev/null\nif [ $? != 0 ] ; then\n    # print error to STDERR\n    echo \"error: The sandbox is not in sync with the Podfile.lock. Run 'pod install' or update your CocoaPods installation.\" >&2\n    exit 1\nfi\n# This output is used by Xcode 'outputs' to avoid re-running this script phase.\necho \"SUCCESS\" > \"${SCRIPT_OUTPUT_FILE_0}\"\n";
			showEnvVarsInLog = 0;
		};
/* End PBXShellScriptBuildPhase section */

/* Begin PBXSourcesBuildPhase section */
		15660E382450FCEB007C1B41 /* Sources */ = {
			isa = PBXSourcesBuildPhase;
			buildActionMask = 2147483647;
			files = (
				15660E402450FCEB007C1B41 /* AppDelegate.swift in Sources */,
				15660EA324512D74007C1B41 /* LoginRequest.swift in Sources */,
				15660EA724512F7A007C1B41 /* ServiceProtocol.swift in Sources */,
				15660E8524510DCE007C1B41 /* Connectivity.swift in Sources */,
				15660EAA245139AE007C1B41 /* LoginViewController.swift in Sources */,
				15660E7A24510B49007C1B41 /* R.generated.swift in Sources */,
				15660E9A24511B0B007C1B41 /* URLs.swift in Sources */,
				15660E98245116BD007C1B41 /* ResponseError.swift in Sources */,
				15660E8F24510EF4007C1B41 /* ResponseStatus.swift in Sources */,
				15660E7724510923007C1B41 /* SceneDelegate+Methods.swift in Sources */,
				15660E93245115DD007C1B41 /* BaseNetworkError.swift in Sources */,
				15660E8824510E5E007C1B41 /* Method.swift in Sources */,
				15660E9E24511BD8007C1B41 /* RequestProtocol.swift in Sources */,
				15660E8A24510E7A007C1B41 /* Result.swift in Sources */,
				15660E962451164B007C1B41 /* User.swift in Sources */,
				15660EB724513EDC007C1B41 /* ViewCodeProtocol.swift in Sources */,
				15660E91245111BE007C1B41 /* NetworkCore.swift in Sources */,
				15660E422450FCEB007C1B41 /* SceneDelegate.swift in Sources */,
				15660EB424513B1E007C1B41 /* LoginService.swift in Sources */,
				15660EA124511C59007C1B41 /* APIRequest.swift in Sources */,
				15660EB024513A27007C1B41 /* LoginView.swift in Sources */,
				15660E8D24510EDE007C1B41 /* NetworkErrorProtocol.swift in Sources */,
				15660EB224513A6C007C1B41 /* LoginViewModel.swift in Sources */,
			);
			runOnlyForDeploymentPostprocessing = 0;
		};
		15660E4E2450FCEC007C1B41 /* Sources */ = {
			isa = PBXSourcesBuildPhase;
			buildActionMask = 2147483647;
			files = (
				15660E572450FCEC007C1B41 /* TestiOS2Tests.swift in Sources */,
			);
			runOnlyForDeploymentPostprocessing = 0;
		};
		15660E592450FCEC007C1B41 /* Sources */ = {
			isa = PBXSourcesBuildPhase;
			buildActionMask = 2147483647;
			files = (
				15660E622450FCEC007C1B41 /* TestiOS2UITests.swift in Sources */,
			);
			runOnlyForDeploymentPostprocessing = 0;
		};
/* End PBXSourcesBuildPhase section */

/* Begin PBXTargetDependency section */
		15660E542450FCEC007C1B41 /* PBXTargetDependency */ = {
			isa = PBXTargetDependency;
			target = 15660E3B2450FCEB007C1B41 /* TestiOS2 */;
			targetProxy = 15660E532450FCEC007C1B41 /* PBXContainerItemProxy */;
		};
		15660E5F2450FCEC007C1B41 /* PBXTargetDependency */ = {
			isa = PBXTargetDependency;
			target = 15660E3B2450FCEB007C1B41 /* TestiOS2 */;
			targetProxy = 15660E5E2450FCEC007C1B41 /* PBXContainerItemProxy */;
		};
/* End PBXTargetDependency section */

/* Begin PBXVariantGroup section */
		15660E4A2450FCEC007C1B41 /* LaunchScreen.storyboard */ = {
			isa = PBXVariantGroup;
			children = (
				15660E4B2450FCEC007C1B41 /* Base */,
			);
			name = LaunchScreen.storyboard;
			sourceTree = "<group>";
		};
/* End PBXVariantGroup section */

/* Begin XCBuildConfiguration section */
		15660E642450FCEC007C1B41 /* Debug */ = {
			isa = XCBuildConfiguration;
			buildSettings = {
				ALWAYS_SEARCH_USER_PATHS = NO;
				CLANG_ANALYZER_NONNULL = YES;
				CLANG_ANALYZER_NUMBER_OBJECT_CONVERSION = YES_AGGRESSIVE;
				CLANG_CXX_LANGUAGE_STANDARD = "gnu++14";
				CLANG_CXX_LIBRARY = "libc++";
				CLANG_ENABLE_MODULES = YES;
				CLANG_ENABLE_OBJC_ARC = YES;
				CLANG_ENABLE_OBJC_WEAK = YES;
				CLANG_WARN_BLOCK_CAPTURE_AUTORELEASING = YES;
				CLANG_WARN_BOOL_CONVERSION = YES;
				CLANG_WARN_COMMA = YES;
				CLANG_WARN_CONSTANT_CONVERSION = YES;
				CLANG_WARN_DEPRECATED_OBJC_IMPLEMENTATIONS = YES;
				CLANG_WARN_DIRECT_OBJC_ISA_USAGE = YES_ERROR;
				CLANG_WARN_DOCUMENTATION_COMMENTS = YES;
				CLANG_WARN_EMPTY_BODY = YES;
				CLANG_WARN_ENUM_CONVERSION = YES;
				CLANG_WARN_INFINITE_RECURSION = YES;
				CLANG_WARN_INT_CONVERSION = YES;
				CLANG_WARN_NON_LITERAL_NULL_CONVERSION = YES;
				CLANG_WARN_OBJC_IMPLICIT_RETAIN_SELF = YES;
				CLANG_WARN_OBJC_LITERAL_CONVERSION = YES;
				CLANG_WARN_OBJC_ROOT_CLASS = YES_ERROR;
				CLANG_WARN_RANGE_LOOP_ANALYSIS = YES;
				CLANG_WARN_STRICT_PROTOTYPES = YES;
				CLANG_WARN_SUSPICIOUS_MOVE = YES;
				CLANG_WARN_UNGUARDED_AVAILABILITY = YES_AGGRESSIVE;
				CLANG_WARN_UNREACHABLE_CODE = YES;
				CLANG_WARN__DUPLICATE_METHOD_MATCH = YES;
				COPY_PHASE_STRIP = NO;
				DEBUG_INFORMATION_FORMAT = dwarf;
				ENABLE_STRICT_OBJC_MSGSEND = YES;
				ENABLE_TESTABILITY = YES;
				GCC_C_LANGUAGE_STANDARD = gnu11;
				GCC_DYNAMIC_NO_PIC = NO;
				GCC_NO_COMMON_BLOCKS = YES;
				GCC_OPTIMIZATION_LEVEL = 0;
				GCC_PREPROCESSOR_DEFINITIONS = (
					"DEBUG=1",
					"$(inherited)",
				);
				GCC_WARN_64_TO_32_BIT_CONVERSION = YES;
				GCC_WARN_ABOUT_RETURN_TYPE = YES_ERROR;
				GCC_WARN_UNDECLARED_SELECTOR = YES;
				GCC_WARN_UNINITIALIZED_AUTOS = YES_AGGRESSIVE;
				GCC_WARN_UNUSED_FUNCTION = YES;
				GCC_WARN_UNUSED_VARIABLE = YES;
				IPHONEOS_DEPLOYMENT_TARGET = 13.4;
				MTL_ENABLE_DEBUG_INFO = INCLUDE_SOURCE;
				MTL_FAST_MATH = YES;
				ONLY_ACTIVE_ARCH = YES;
				SDKROOT = iphoneos;
				SWIFT_ACTIVE_COMPILATION_CONDITIONS = DEBUG;
				SWIFT_OPTIMIZATION_LEVEL = "-Onone";
			};
			name = Debug;
		};
		15660E652450FCEC007C1B41 /* Release */ = {
			isa = XCBuildConfiguration;
			buildSettings = {
				ALWAYS_SEARCH_USER_PATHS = NO;
				CLANG_ANALYZER_NONNULL = YES;
				CLANG_ANALYZER_NUMBER_OBJECT_CONVERSION = YES_AGGRESSIVE;
				CLANG_CXX_LANGUAGE_STANDARD = "gnu++14";
				CLANG_CXX_LIBRARY = "libc++";
				CLANG_ENABLE_MODULES = YES;
				CLANG_ENABLE_OBJC_ARC = YES;
				CLANG_ENABLE_OBJC_WEAK = YES;
				CLANG_WARN_BLOCK_CAPTURE_AUTORELEASING = YES;
				CLANG_WARN_BOOL_CONVERSION = YES;
				CLANG_WARN_COMMA = YES;
				CLANG_WARN_CONSTANT_CONVERSION = YES;
				CLANG_WARN_DEPRECATED_OBJC_IMPLEMENTATIONS = YES;
				CLANG_WARN_DIRECT_OBJC_ISA_USAGE = YES_ERROR;
				CLANG_WARN_DOCUMENTATION_COMMENTS = YES;
				CLANG_WARN_EMPTY_BODY = YES;
				CLANG_WARN_ENUM_CONVERSION = YES;
				CLANG_WARN_INFINITE_RECURSION = YES;
				CLANG_WARN_INT_CONVERSION = YES;
				CLANG_WARN_NON_LITERAL_NULL_CONVERSION = YES;
				CLANG_WARN_OBJC_IMPLICIT_RETAIN_SELF = YES;
				CLANG_WARN_OBJC_LITERAL_CONVERSION = YES;
				CLANG_WARN_OBJC_ROOT_CLASS = YES_ERROR;
				CLANG_WARN_RANGE_LOOP_ANALYSIS = YES;
				CLANG_WARN_STRICT_PROTOTYPES = YES;
				CLANG_WARN_SUSPICIOUS_MOVE = YES;
				CLANG_WARN_UNGUARDED_AVAILABILITY = YES_AGGRESSIVE;
				CLANG_WARN_UNREACHABLE_CODE = YES;
				CLANG_WARN__DUPLICATE_METHOD_MATCH = YES;
				COPY_PHASE_STRIP = NO;
				DEBUG_INFORMATION_FORMAT = "dwarf-with-dsym";
				ENABLE_NS_ASSERTIONS = NO;
				ENABLE_STRICT_OBJC_MSGSEND = YES;
				GCC_C_LANGUAGE_STANDARD = gnu11;
				GCC_NO_COMMON_BLOCKS = YES;
				GCC_WARN_64_TO_32_BIT_CONVERSION = YES;
				GCC_WARN_ABOUT_RETURN_TYPE = YES_ERROR;
				GCC_WARN_UNDECLARED_SELECTOR = YES;
				GCC_WARN_UNINITIALIZED_AUTOS = YES_AGGRESSIVE;
				GCC_WARN_UNUSED_FUNCTION = YES;
				GCC_WARN_UNUSED_VARIABLE = YES;
				IPHONEOS_DEPLOYMENT_TARGET = 13.4;
				MTL_ENABLE_DEBUG_INFO = NO;
				MTL_FAST_MATH = YES;
				SDKROOT = iphoneos;
				SWIFT_COMPILATION_MODE = wholemodule;
				SWIFT_OPTIMIZATION_LEVEL = "-O";
				VALIDATE_PRODUCT = YES;
			};
			name = Release;
		};
		15660E672450FCEC007C1B41 /* Debug */ = {
			isa = XCBuildConfiguration;
			baseConfigurationReference = E212C32D33AEDB0C7E25A752 /* Pods-TestiOS2.debug.xcconfig */;
			buildSettings = {
				ASSETCATALOG_COMPILER_APPICON_NAME = AppIcon;
				CODE_SIGN_STYLE = Automatic;
				DEVELOPMENT_TEAM = J2DA3YMRUV;
				INFOPLIST_FILE = TestiOS2/Resources/Info.plist;
				LD_RUNPATH_SEARCH_PATHS = (
					"$(inherited)",
					"@executable_path/Frameworks",
				);
				PRODUCT_BUNDLE_IDENTIFIER = testiosv2.rafael.bonini.com.TestiOS2;
				PRODUCT_NAME = "$(TARGET_NAME)";
				SWIFT_VERSION = 5.0;
				TARGETED_DEVICE_FAMILY = 1;
			};
			name = Debug;
		};
		15660E682450FCEC007C1B41 /* Release */ = {
			isa = XCBuildConfiguration;
			baseConfigurationReference = 6EBC1C82F4920D870BCCDC47 /* Pods-TestiOS2.release.xcconfig */;
			buildSettings = {
				ASSETCATALOG_COMPILER_APPICON_NAME = AppIcon;
				CODE_SIGN_STYLE = Automatic;
				DEVELOPMENT_TEAM = J2DA3YMRUV;
				INFOPLIST_FILE = TestiOS2/Resources/Info.plist;
				LD_RUNPATH_SEARCH_PATHS = (
					"$(inherited)",
					"@executable_path/Frameworks",
				);
				PRODUCT_BUNDLE_IDENTIFIER = testiosv2.rafael.bonini.com.TestiOS2;
				PRODUCT_NAME = "$(TARGET_NAME)";
				SWIFT_VERSION = 5.0;
				TARGETED_DEVICE_FAMILY = 1;
			};
			name = Release;
		};
		15660E6A2450FCEC007C1B41 /* Debug */ = {
			isa = XCBuildConfiguration;
			baseConfigurationReference = 697FD5B87FBC0FF1A3319DBF /* Pods-TestiOS2Tests.debug.xcconfig */;
			buildSettings = {
				ALWAYS_EMBED_SWIFT_STANDARD_LIBRARIES = YES;
				BUNDLE_LOADER = "$(TEST_HOST)";
				CODE_SIGN_STYLE = Automatic;
				DEVELOPMENT_TEAM = J2DA3YMRUV;
				INFOPLIST_FILE = TestiOS2Tests/Info.plist;
				IPHONEOS_DEPLOYMENT_TARGET = 13.4;
				LD_RUNPATH_SEARCH_PATHS = (
					"$(inherited)",
					"@executable_path/Frameworks",
					"@loader_path/Frameworks",
				);
				PRODUCT_BUNDLE_IDENTIFIER = testiosv2.rafael.bonini.com.TestiOS2Tests;
				PRODUCT_NAME = "$(TARGET_NAME)";
				SWIFT_VERSION = 5.0;
				TARGETED_DEVICE_FAMILY = "1,2";
				TEST_HOST = "$(BUILT_PRODUCTS_DIR)/TestiOS2.app/TestiOS2";
			};
			name = Debug;
		};
		15660E6B2450FCEC007C1B41 /* Release */ = {
			isa = XCBuildConfiguration;
			baseConfigurationReference = 66C128FBA8E8C25FC81F69E9 /* Pods-TestiOS2Tests.release.xcconfig */;
			buildSettings = {
				ALWAYS_EMBED_SWIFT_STANDARD_LIBRARIES = YES;
				BUNDLE_LOADER = "$(TEST_HOST)";
				CODE_SIGN_STYLE = Automatic;
				DEVELOPMENT_TEAM = J2DA3YMRUV;
				INFOPLIST_FILE = TestiOS2Tests/Info.plist;
				IPHONEOS_DEPLOYMENT_TARGET = 13.4;
				LD_RUNPATH_SEARCH_PATHS = (
					"$(inherited)",
					"@executable_path/Frameworks",
					"@loader_path/Frameworks",
				);
				PRODUCT_BUNDLE_IDENTIFIER = testiosv2.rafael.bonini.com.TestiOS2Tests;
				PRODUCT_NAME = "$(TARGET_NAME)";
				SWIFT_VERSION = 5.0;
				TARGETED_DEVICE_FAMILY = "1,2";
				TEST_HOST = "$(BUILT_PRODUCTS_DIR)/TestiOS2.app/TestiOS2";
			};
			name = Release;
		};
		15660E6D2450FCEC007C1B41 /* Debug */ = {
			isa = XCBuildConfiguration;
			buildSettings = {
				ALWAYS_EMBED_SWIFT_STANDARD_LIBRARIES = YES;
				CODE_SIGN_STYLE = Automatic;
				DEVELOPMENT_TEAM = J2DA3YMRUV;
				INFOPLIST_FILE = TestiOS2UITests/Info.plist;
				LD_RUNPATH_SEARCH_PATHS = (
					"$(inherited)",
					"@executable_path/Frameworks",
					"@loader_path/Frameworks",
				);
				PRODUCT_BUNDLE_IDENTIFIER = testiosv2.rafael.bonini.com.TestiOS2UITests;
				PRODUCT_NAME = "$(TARGET_NAME)";
				SWIFT_VERSION = 5.0;
				TARGETED_DEVICE_FAMILY = "1,2";
				TEST_TARGET_NAME = TestiOS2;
			};
			name = Debug;
		};
		15660E6E2450FCEC007C1B41 /* Release */ = {
			isa = XCBuildConfiguration;
			buildSettings = {
				ALWAYS_EMBED_SWIFT_STANDARD_LIBRARIES = YES;
				CODE_SIGN_STYLE = Automatic;
				DEVELOPMENT_TEAM = J2DA3YMRUV;
				INFOPLIST_FILE = TestiOS2UITests/Info.plist;
				LD_RUNPATH_SEARCH_PATHS = (
					"$(inherited)",
					"@executable_path/Frameworks",
					"@loader_path/Frameworks",
				);
				PRODUCT_BUNDLE_IDENTIFIER = testiosv2.rafael.bonini.com.TestiOS2UITests;
				PRODUCT_NAME = "$(TARGET_NAME)";
				SWIFT_VERSION = 5.0;
				TARGETED_DEVICE_FAMILY = "1,2";
				TEST_TARGET_NAME = TestiOS2;
			};
			name = Release;
		};
/* End XCBuildConfiguration section */

/* Begin XCConfigurationList section */
		15660E372450FCEB007C1B41 /* Build configuration list for PBXProject "TestiOS2" */ = {
			isa = XCConfigurationList;
			buildConfigurations = (
				15660E642450FCEC007C1B41 /* Debug */,
				15660E652450FCEC007C1B41 /* Release */,
			);
			defaultConfigurationIsVisible = 0;
			defaultConfigurationName = Release;
		};
		15660E662450FCEC007C1B41 /* Build configuration list for PBXNativeTarget "TestiOS2" */ = {
			isa = XCConfigurationList;
			buildConfigurations = (
				15660E672450FCEC007C1B41 /* Debug */,
				15660E682450FCEC007C1B41 /* Release */,
			);
			defaultConfigurationIsVisible = 0;
			defaultConfigurationName = Release;
		};
		15660E692450FCEC007C1B41 /* Build configuration list for PBXNativeTarget "TestiOS2Tests" */ = {
			isa = XCConfigurationList;
			buildConfigurations = (
				15660E6A2450FCEC007C1B41 /* Debug */,
				15660E6B2450FCEC007C1B41 /* Release */,
			);
			defaultConfigurationIsVisible = 0;
			defaultConfigurationName = Release;
		};
		15660E6C2450FCEC007C1B41 /* Build configuration list for PBXNativeTarget "TestiOS2UITests" */ = {
			isa = XCConfigurationList;
			buildConfigurations = (
				15660E6D2450FCEC007C1B41 /* Debug */,
				15660E6E2450FCEC007C1B41 /* Release */,
			);
			defaultConfigurationIsVisible = 0;
			defaultConfigurationName = Release;
		};
/* End XCConfigurationList section */
	};
	rootObject = 15660E342450FCEB007C1B41 /* Project object */;
}
